// !$*UTF8*$!
{
	archiveVersion = 1;
	classes = {
	};
	objectVersion = 56;
	objects = {

/* Begin PBXBuildFile section */
		181121EB29300299006D6279 /* NoneSesacView.swift in Sources */ = {isa = PBXBuildFile; fileRef = 181121EA29300299006D6279 /* NoneSesacView.swift */; };
		1811EE59292C3BB600261376 /* SearchQueueCollectionViewHeaderCell.swift in Sources */ = {isa = PBXBuildFile; fileRef = 1811EE58292C3BB600261376 /* SearchQueueCollectionViewHeaderCell.swift */; };
		1818C5152928C82E0010625E /* ExpandView.swift in Sources */ = {isa = PBXBuildFile; fileRef = 1818C5142928C82E0010625E /* ExpandView.swift */; };
		1818C5172928D73E0010625E /* UserDetailUnderView.swift in Sources */ = {isa = PBXBuildFile; fileRef = 1818C5162928D73E0010625E /* UserDetailUnderView.swift */; };
		1818C5192928D97E0010625E /* ExpandTopView.swift in Sources */ = {isa = PBXBuildFile; fileRef = 1818C5182928D97E0010625E /* ExpandTopView.swift */; };
		181CB4C62929158200B7F0E5 /* CustomUserDetailLabel.swift in Sources */ = {isa = PBXBuildFile; fileRef = 181CB4C52929158200B7F0E5 /* CustomUserDetailLabel.swift */; };
		181CB4C829291D0100B7F0E5 /* ExpandBackgroundView.swift in Sources */ = {isa = PBXBuildFile; fileRef = 181CB4C729291D0100B7F0E5 /* ExpandBackgroundView.swift */; };
		1835BB0B2930498E007D926C /* RequestResultViewController.swift in Sources */ = {isa = PBXBuildFile; fileRef = 1835BB0A2930498E007D926C /* RequestResultViewController.swift */; };
		1838074E291F8431001755D5 /* Date+Extension.swift in Sources */ = {isa = PBXBuildFile; fileRef = 1838074D291F8431001755D5 /* Date+Extension.swift */; };
		18380750291FB73B001755D5 /* EmailCheckView.swift in Sources */ = {isa = PBXBuildFile; fileRef = 1838074F291FB73B001755D5 /* EmailCheckView.swift */; };
		18380752291FB746001755D5 /* EmailCheckViewController.swift in Sources */ = {isa = PBXBuildFile; fileRef = 18380751291FB746001755D5 /* EmailCheckViewController.swift */; };
		18380754291FB74D001755D5 /* EmailCheckViewModel.swift in Sources */ = {isa = PBXBuildFile; fileRef = 18380753291FB74D001755D5 /* EmailCheckViewModel.swift */; };
		18380756291FBC16001755D5 /* GenderCheckView.swift in Sources */ = {isa = PBXBuildFile; fileRef = 18380755291FBC16001755D5 /* GenderCheckView.swift */; };
		18380758291FBC21001755D5 /* GenderCheckViewController.swift in Sources */ = {isa = PBXBuildFile; fileRef = 18380757291FBC21001755D5 /* GenderCheckViewController.swift */; };
		1838075A291FBC27001755D5 /* GenderCheckViewModel.swift in Sources */ = {isa = PBXBuildFile; fileRef = 18380759291FBC27001755D5 /* GenderCheckViewModel.swift */; };
		1838075D291FBCEB001755D5 /* CustomSignDetailLabel.swift in Sources */ = {isa = PBXBuildFile; fileRef = 1838075C291FBCEB001755D5 /* CustomSignDetailLabel.swift */; };
		1838075F291FC08E001755D5 /* CustomGenderButton.swift in Sources */ = {isa = PBXBuildFile; fileRef = 1838075E291FC08E001755D5 /* CustomGenderButton.swift */; };
		18380761291FC0EF001755D5 /* UIButton+Extension.swift in Sources */ = {isa = PBXBuildFile; fileRef = 18380760291FC0EF001755D5 /* UIButton+Extension.swift */; };
		183946162932556E001C3644 /* BasePopupView.swift in Sources */ = {isa = PBXBuildFile; fileRef = 183946152932556E001C3644 /* BasePopupView.swift */; };
		183CDFA52926CC83000CCE19 /* SearchQueueCollectionViewCell.swift in Sources */ = {isa = PBXBuildFile; fileRef = 183CDFA42926CC83000CCE19 /* SearchQueueCollectionViewCell.swift */; };
		183CDFA72926DEDA000CCE19 /* SearchQueueViewModel.swift in Sources */ = {isa = PBXBuildFile; fileRef = 183CDFA62926DEDA000CCE19 /* SearchQueueViewModel.swift */; };
		18615AF9293005DA0014CB0F /* SearchResultViewController.swift in Sources */ = {isa = PBXBuildFile; fileRef = 18615AF8293005DA0014CB0F /* SearchResultViewController.swift */; };
		18615AFC293007390014CB0F /* SearchResultView.swift in Sources */ = {isa = PBXBuildFile; fileRef = 18615AFB293007390014CB0F /* SearchResultView.swift */; };
		18615AFF29300C160014CB0F /* RequestReaultView.swift in Sources */ = {isa = PBXBuildFile; fileRef = 18615AFE29300C160014CB0F /* RequestReaultView.swift */; };
		18615B04293010AD0014CB0F /* Tabman in Frameworks */ = {isa = PBXBuildFile; productRef = 18615B03293010AD0014CB0F /* Tabman */; };
		18615B06293014760014CB0F /* TabManViewController.swift in Sources */ = {isa = PBXBuildFile; fileRef = 18615B05293014760014CB0F /* TabManViewController.swift */; };
		1861CAAA292528FC00C6AA70 /* CustomAnnotation.swift in Sources */ = {isa = PBXBuildFile; fileRef = 1861CAA9292528FC00C6AA70 /* CustomAnnotation.swift */; };
		1861CAAD2926829E00C6AA70 /* HomeViewModel.swift in Sources */ = {isa = PBXBuildFile; fileRef = 1861CAAC2926829E00C6AA70 /* HomeViewModel.swift */; };
		1861CAAF2926949E00C6AA70 /* CObservable.swift in Sources */ = {isa = PBXBuildFile; fileRef = 1861CAAE2926949E00C6AA70 /* CObservable.swift */; };
		1861CAB12926A11100C6AA70 /* CustomMapGenderButton.swift in Sources */ = {isa = PBXBuildFile; fileRef = 1861CAB02926A11100C6AA70 /* CustomMapGenderButton.swift */; };
		1861CAB42926B88F00C6AA70 /* SearchQueueView.swift in Sources */ = {isa = PBXBuildFile; fileRef = 1861CAB32926B88F00C6AA70 /* SearchQueueView.swift */; };
		1861CAB62926B89C00C6AA70 /* SearchQueueViewController.swift in Sources */ = {isa = PBXBuildFile; fileRef = 1861CAB52926B89C00C6AA70 /* SearchQueueViewController.swift */; };
		1870FAD42918B5A000BCC159 /* AppDelegate.swift in Sources */ = {isa = PBXBuildFile; fileRef = 1870FAD32918B5A000BCC159 /* AppDelegate.swift */; };
		1870FAD62918B5A000BCC159 /* SceneDelegate.swift in Sources */ = {isa = PBXBuildFile; fileRef = 1870FAD52918B5A000BCC159 /* SceneDelegate.swift */; };
		1870FADD2918B5A300BCC159 /* Assets.xcassets in Resources */ = {isa = PBXBuildFile; fileRef = 1870FADC2918B5A300BCC159 /* Assets.xcassets */; };
		1870FAE02918B5A300BCC159 /* LaunchScreen.storyboard in Resources */ = {isa = PBXBuildFile; fileRef = 1870FADE2918B5A300BCC159 /* LaunchScreen.storyboard */; };
		1870FAE82918B5D500BCC159 /* .gitignore in Resources */ = {isa = PBXBuildFile; fileRef = 1870FAE72918B5D500BCC159 /* .gitignore */; };
		1870FAED2918FB5F00BCC159 /* Color.swift in Sources */ = {isa = PBXBuildFile; fileRef = 1870FAEC2918FB5F00BCC159 /* Color.swift */; };
		1870FAF12918FCB200BCC159 /* UserDefaultsHelper.swift in Sources */ = {isa = PBXBuildFile; fileRef = 1870FAF02918FCB200BCC159 /* UserDefaultsHelper.swift */; };
		1870FAFF2919265900BCC159 /* FirstPageViewController.swift in Sources */ = {isa = PBXBuildFile; fileRef = 1870FAFE2919265900BCC159 /* FirstPageViewController.swift */; };
		1870FB012919266600BCC159 /* SecondPageViewController.swift in Sources */ = {isa = PBXBuildFile; fileRef = 1870FB002919266600BCC159 /* SecondPageViewController.swift */; };
		1870FB032919267000BCC159 /* ThirdPageViewController.swift in Sources */ = {isa = PBXBuildFile; fileRef = 1870FB022919267000BCC159 /* ThirdPageViewController.swift */; };
		1870FB06291926A100BCC159 /* BaseView.swift in Sources */ = {isa = PBXBuildFile; fileRef = 1870FB05291926A100BCC159 /* BaseView.swift */; };
		1870FB08291926A800BCC159 /* BaseViewController.swift in Sources */ = {isa = PBXBuildFile; fileRef = 1870FB07291926A800BCC159 /* BaseViewController.swift */; };
		1870FB0B291926F900BCC159 /* SnapKit in Frameworks */ = {isa = PBXBuildFile; productRef = 1870FB0A291926F900BCC159 /* SnapKit */; };
		1870FB1129197D9D00BCC159 /* TabBarController.swift in Sources */ = {isa = PBXBuildFile; fileRef = 1870FB1029197D9D00BCC159 /* TabBarController.swift */; };
		1870FB132919838000BCC159 /* OnboardingViewController.swift in Sources */ = {isa = PBXBuildFile; fileRef = 1870FB122919838000BCC159 /* OnboardingViewController.swift */; };
		1870FB1629198B2400BCC159 /* OnboardingView.swift in Sources */ = {isa = PBXBuildFile; fileRef = 1870FB1529198B2400BCC159 /* OnboardingView.swift */; };
		1870FB192919BAC000BCC159 /* UILabel+Extension.swift in Sources */ = {isa = PBXBuildFile; fileRef = 1870FB182919BAC000BCC159 /* UILabel+Extension.swift */; };
		1870FB1D2919BCC700BCC159 /* NotoSansKR-Regular.otf in Resources */ = {isa = PBXBuildFile; fileRef = 1870FB1B2919BCC600BCC159 /* NotoSansKR-Regular.otf */; };
		1870FB1E2919BCC700BCC159 /* NotoSansKR-Medium.otf in Resources */ = {isa = PBXBuildFile; fileRef = 1870FB1C2919BCC700BCC159 /* NotoSansKR-Medium.otf */; };
		1870FB2B291A4D4C00BCC159 /* AuthenticationView.swift in Sources */ = {isa = PBXBuildFile; fileRef = 1870FB2A291A4D4C00BCC159 /* AuthenticationView.swift */; };
		1870FB2E291A505E00BCC159 /* Toast in Frameworks */ = {isa = PBXBuildFile; productRef = 1870FB2D291A505E00BCC159 /* Toast */; };
		1870FB31291A518000BCC159 /* RxCocoa in Frameworks */ = {isa = PBXBuildFile; productRef = 1870FB30291A518000BCC159 /* RxCocoa */; };
		1870FB33291A518000BCC159 /* RxSwift in Frameworks */ = {isa = PBXBuildFile; productRef = 1870FB32291A518000BCC159 /* RxSwift */; };
		1870FB37291A52CC00BCC159 /* CustomSignButton.swift in Sources */ = {isa = PBXBuildFile; fileRef = 1870FB36291A52CC00BCC159 /* CustomSignButton.swift */; };
		1870FB39291A53BE00BCC159 /* CustomSignLabel.swift in Sources */ = {isa = PBXBuildFile; fileRef = 1870FB38291A53BE00BCC159 /* CustomSignLabel.swift */; };
		1870FB3C291A54DD00BCC159 /* AuthenticationViewController.swift in Sources */ = {isa = PBXBuildFile; fileRef = 1870FB3B291A54DD00BCC159 /* AuthenticationViewController.swift */; };
		1870FB3F291A557000BCC159 /* CustomSignTextField.swift in Sources */ = {isa = PBXBuildFile; fileRef = 1870FB3E291A557000BCC159 /* CustomSignTextField.swift */; };
		1870FB41291A5B8900BCC159 /* AuthenticationViewModel.swift in Sources */ = {isa = PBXBuildFile; fileRef = 1870FB40291A5B8900BCC159 /* AuthenticationViewModel.swift */; };
		1870FB48291AFACF00BCC159 /* String+Extension.swift in Sources */ = {isa = PBXBuildFile; fileRef = 1870FB47291AFACF00BCC159 /* String+Extension.swift */; };
		1870FB4B291B2A8E00BCC159 /* CheckCodeView.swift in Sources */ = {isa = PBXBuildFile; fileRef = 1870FB4A291B2A8E00BCC159 /* CheckCodeView.swift */; };
		1870FB4D291B2AA300BCC159 /* CheckCodeViewModel.swift in Sources */ = {isa = PBXBuildFile; fileRef = 1870FB4C291B2AA300BCC159 /* CheckCodeViewModel.swift */; };
		1870FB4F291B2ABD00BCC159 /* CheckCodeViewController.swift in Sources */ = {isa = PBXBuildFile; fileRef = 1870FB4E291B2ABD00BCC159 /* CheckCodeViewController.swift */; };
		1870FB56291B698D00BCC159 /* NicknameCheckView.swift in Sources */ = {isa = PBXBuildFile; fileRef = 1870FB55291B698D00BCC159 /* NicknameCheckView.swift */; };
		1870FB58291B699B00BCC159 /* NicknameViewModel.swift in Sources */ = {isa = PBXBuildFile; fileRef = 1870FB57291B699B00BCC159 /* NicknameViewModel.swift */; };
		1870FB5A291B69A800BCC159 /* NicknameViewController.swift in Sources */ = {isa = PBXBuildFile; fileRef = 1870FB59291B69A800BCC159 /* NicknameViewController.swift */; };
		1870FB61291B8F4600BCC159 /* FirebaseAnalyticsSwift in Frameworks */ = {isa = PBXBuildFile; productRef = 1870FB60291B8F4600BCC159 /* FirebaseAnalyticsSwift */; };
		1870FB63291B8F4600BCC159 /* FirebaseAuth in Frameworks */ = {isa = PBXBuildFile; productRef = 1870FB62291B8F4600BCC159 /* FirebaseAuth */; };
		1870FB65291B8F4600BCC159 /* FirebaseCrashlytics in Frameworks */ = {isa = PBXBuildFile; productRef = 1870FB64291B8F4600BCC159 /* FirebaseCrashlytics */; };
		1870FB67291B8F4600BCC159 /* FirebaseMessaging in Frameworks */ = {isa = PBXBuildFile; productRef = 1870FB66291B8F4600BCC159 /* FirebaseMessaging */; };
		1870FB6A291C36BA00BCC159 /* AuthenticationManager.swift in Sources */ = {isa = PBXBuildFile; fileRef = 1870FB69291C36BA00BCC159 /* AuthenticationManager.swift */; };
		1870FB6C291CECBC00BCC159 /* BirthCheckView.swift in Sources */ = {isa = PBXBuildFile; fileRef = 1870FB6B291CECBC00BCC159 /* BirthCheckView.swift */; };
		1870FB6E291CECC900BCC159 /* BirthCheckViewController.swift in Sources */ = {isa = PBXBuildFile; fileRef = 1870FB6D291CECC900BCC159 /* BirthCheckViewController.swift */; };
		1870FB70291CECE800BCC159 /* BirthCheckViewModel.swift in Sources */ = {isa = PBXBuildFile; fileRef = 1870FB6F291CECE800BCC159 /* BirthCheckViewModel.swift */; };
		1870FB74291E06DD00BCC159 /* CustomBirthTextField.swift in Sources */ = {isa = PBXBuildFile; fileRef = 1870FB73291E06DD00BCC159 /* CustomBirthTextField.swift */; };
		1870FB76291E084E00BCC159 /* CustomBirthLabel.swift in Sources */ = {isa = PBXBuildFile; fileRef = 1870FB75291E084E00BCC159 /* CustomBirthLabel.swift */; };
		18826584292C4CB600737F45 /* studyModel.swift in Sources */ = {isa = PBXBuildFile; fileRef = 18826583292C4CB600737F45 /* studyModel.swift */; };
		18861AFC292A00B200A3C6E6 /* UserDetailViewModel.swift in Sources */ = {isa = PBXBuildFile; fileRef = 18861AFB292A00B200A3C6E6 /* UserDetailViewModel.swift */; };
		18DB8BAF29209A7D007D90CD /* Endpoint.swift in Sources */ = {isa = PBXBuildFile; fileRef = 18DB8BAE29209A7D007D90CD /* Endpoint.swift */; };
		18DB8BB229209AC2007D90CD /* Alamofire in Frameworks */ = {isa = PBXBuildFile; productRef = 18DB8BB129209AC2007D90CD /* Alamofire */; };
		18DB8BB429209C64007D90CD /* GoogleService-Info.plist in Resources */ = {isa = PBXBuildFile; fileRef = 18DB8BB329209C64007D90CD /* GoogleService-Info.plist */; };
		18DB8BB62920A05E007D90CD /* Network.swift in Sources */ = {isa = PBXBuildFile; fileRef = 18DB8BB52920A05E007D90CD /* Network.swift */; };
		18DB8BB82920A07A007D90CD /* APIService.swift in Sources */ = {isa = PBXBuildFile; fileRef = 18DB8BB72920A07A007D90CD /* APIService.swift */; };
		18DB8BBB2922176B007D90CD /* LaunchScreenView.swift in Sources */ = {isa = PBXBuildFile; fileRef = 18DB8BBA2922176B007D90CD /* LaunchScreenView.swift */; };
		18DB8BBD29221777007D90CD /* LaunchScreenViewController.swift in Sources */ = {isa = PBXBuildFile; fileRef = 18DB8BBC29221777007D90CD /* LaunchScreenViewController.swift */; };
		18DB8BBF29222DEE007D90CD /* APICodeModel.swift in Sources */ = {isa = PBXBuildFile; fileRef = 18DB8BBE29222DEE007D90CD /* APICodeModel.swift */; };
		18DB8BC2292255CF007D90CD /* UserInfoView.swift in Sources */ = {isa = PBXBuildFile; fileRef = 18DB8BC1292255CE007D90CD /* UserInfoView.swift */; };
		18DB8BC429225602007D90CD /* UserInfoViewController.swift in Sources */ = {isa = PBXBuildFile; fileRef = 18DB8BC329225602007D90CD /* UserInfoViewController.swift */; };
		18DB8BC62922560C007D90CD /* UserInfoViewModel.swift in Sources */ = {isa = PBXBuildFile; fileRef = 18DB8BC52922560C007D90CD /* UserInfoViewModel.swift */; };
		18DB8BCF29226117007D90CD /* BaseCollectionViewCell.swift in Sources */ = {isa = PBXBuildFile; fileRef = 18DB8BCE29226117007D90CD /* BaseCollectionViewCell.swift */; };
		18DB8BD129227B6F007D90CD /* BaseSignView.swift in Sources */ = {isa = PBXBuildFile; fileRef = 18DB8BD029227B6F007D90CD /* BaseSignView.swift */; };
		18DB8BD329227B8B007D90CD /* BaseSignViewController.swift in Sources */ = {isa = PBXBuildFile; fileRef = 18DB8BD229227B8B007D90CD /* BaseSignViewController.swift */; };
		18DB8BD629228831007D90CD /* UserDetailView.swift in Sources */ = {isa = PBXBuildFile; fileRef = 18DB8BD529228831007D90CD /* UserDetailView.swift */; };
		18DB8BD82922883C007D90CD /* UserDetailViewController.swift in Sources */ = {isa = PBXBuildFile; fileRef = 18DB8BD72922883C007D90CD /* UserDetailViewController.swift */; };
		18DB8BDA29236502007D90CD /* UserInfoTableViewCell.swift in Sources */ = {isa = PBXBuildFile; fileRef = 18DB8BD929236502007D90CD /* UserInfoTableViewCell.swift */; };
		18DB8BDC2923650D007D90CD /* UserMenuTableViewCell.swift in Sources */ = {isa = PBXBuildFile; fileRef = 18DB8BDB2923650D007D90CD /* UserMenuTableViewCell.swift */; };
		18DB8BDE2923653C007D90CD /* BaseTableViewCell.swift in Sources */ = {isa = PBXBuildFile; fileRef = 18DB8BDD2923653C007D90CD /* BaseTableViewCell.swift */; };
		18DB8BE0292371F1007D90CD /* UserMenu.swift in Sources */ = {isa = PBXBuildFile; fileRef = 18DB8BDF292371F1007D90CD /* UserMenu.swift */; };
		18DB8BE629239539007D90CD /* CustomSesacTitleLabel.swift in Sources */ = {isa = PBXBuildFile; fileRef = 18DB8BE529239539007D90CD /* CustomSesacTitleLabel.swift */; };
		18DB8BE8292395CF007D90CD /* SesacTitleColor.swift in Sources */ = {isa = PBXBuildFile; fileRef = 18DB8BE7292395CF007D90CD /* SesacTitleColor.swift */; };
		18DB8BF02923AFAB007D90CD /* MultiSlider in Frameworks */ = {isa = PBXBuildFile; productRef = 18DB8BEF2923AFAB007D90CD /* MultiSlider */; };
		18DB8BF52923C975007D90CD /* HomeView.swift in Sources */ = {isa = PBXBuildFile; fileRef = 18DB8BF42923C974007D90CD /* HomeView.swift */; };
		18DB8BF72923C98F007D90CD /* HomeViewController.swift in Sources */ = {isa = PBXBuildFile; fileRef = 18DB8BF62923C98F007D90CD /* HomeViewController.swift */; };
		18DB8BF92923CBB9007D90CD /* NetworkMonitor.swift in Sources */ = {isa = PBXBuildFile; fileRef = 18DB8BF82923CBB9007D90CD /* NetworkMonitor.swift */; };
		18ED0AF3292C237F00FF9384 /* WithDrawViewController.swift in Sources */ = {isa = PBXBuildFile; fileRef = 18ED0AF2292C237F00FF9384 /* WithDrawViewController.swift */; };
/* End PBXBuildFile section */

/* Begin PBXFileReference section */
		181121EA29300299006D6279 /* NoneSesacView.swift */ = {isa = PBXFileReference; lastKnownFileType = sourcecode.swift; path = NoneSesacView.swift; sourceTree = "<group>"; };
		1811EE58292C3BB600261376 /* SearchQueueCollectionViewHeaderCell.swift */ = {isa = PBXFileReference; lastKnownFileType = sourcecode.swift; path = SearchQueueCollectionViewHeaderCell.swift; sourceTree = "<group>"; };
		1818C5142928C82E0010625E /* ExpandView.swift */ = {isa = PBXFileReference; lastKnownFileType = sourcecode.swift; path = ExpandView.swift; sourceTree = "<group>"; };
		1818C5162928D73E0010625E /* UserDetailUnderView.swift */ = {isa = PBXFileReference; lastKnownFileType = sourcecode.swift; path = UserDetailUnderView.swift; sourceTree = "<group>"; };
		1818C5182928D97E0010625E /* ExpandTopView.swift */ = {isa = PBXFileReference; lastKnownFileType = sourcecode.swift; path = ExpandTopView.swift; sourceTree = "<group>"; };
		181CB4C52929158200B7F0E5 /* CustomUserDetailLabel.swift */ = {isa = PBXFileReference; lastKnownFileType = sourcecode.swift; path = CustomUserDetailLabel.swift; sourceTree = "<group>"; };
		181CB4C729291D0100B7F0E5 /* ExpandBackgroundView.swift */ = {isa = PBXFileReference; lastKnownFileType = sourcecode.swift; path = ExpandBackgroundView.swift; sourceTree = "<group>"; };
		1835BB0A2930498E007D926C /* RequestResultViewController.swift */ = {isa = PBXFileReference; lastKnownFileType = sourcecode.swift; path = RequestResultViewController.swift; sourceTree = "<group>"; };
		1838074D291F8431001755D5 /* Date+Extension.swift */ = {isa = PBXFileReference; lastKnownFileType = sourcecode.swift; path = "Date+Extension.swift"; sourceTree = "<group>"; };
		1838074F291FB73B001755D5 /* EmailCheckView.swift */ = {isa = PBXFileReference; lastKnownFileType = sourcecode.swift; path = EmailCheckView.swift; sourceTree = "<group>"; };
		18380751291FB746001755D5 /* EmailCheckViewController.swift */ = {isa = PBXFileReference; lastKnownFileType = sourcecode.swift; path = EmailCheckViewController.swift; sourceTree = "<group>"; };
		18380753291FB74D001755D5 /* EmailCheckViewModel.swift */ = {isa = PBXFileReference; lastKnownFileType = sourcecode.swift; path = EmailCheckViewModel.swift; sourceTree = "<group>"; };
		18380755291FBC16001755D5 /* GenderCheckView.swift */ = {isa = PBXFileReference; lastKnownFileType = sourcecode.swift; path = GenderCheckView.swift; sourceTree = "<group>"; };
		18380757291FBC21001755D5 /* GenderCheckViewController.swift */ = {isa = PBXFileReference; lastKnownFileType = sourcecode.swift; path = GenderCheckViewController.swift; sourceTree = "<group>"; };
		18380759291FBC27001755D5 /* GenderCheckViewModel.swift */ = {isa = PBXFileReference; lastKnownFileType = sourcecode.swift; path = GenderCheckViewModel.swift; sourceTree = "<group>"; };
		1838075C291FBCEB001755D5 /* CustomSignDetailLabel.swift */ = {isa = PBXFileReference; lastKnownFileType = sourcecode.swift; path = CustomSignDetailLabel.swift; sourceTree = "<group>"; };
		1838075E291FC08E001755D5 /* CustomGenderButton.swift */ = {isa = PBXFileReference; lastKnownFileType = sourcecode.swift; path = CustomGenderButton.swift; sourceTree = "<group>"; };
		18380760291FC0EF001755D5 /* UIButton+Extension.swift */ = {isa = PBXFileReference; lastKnownFileType = sourcecode.swift; path = "UIButton+Extension.swift"; sourceTree = "<group>"; };
		183946152932556E001C3644 /* BasePopupView.swift */ = {isa = PBXFileReference; lastKnownFileType = sourcecode.swift; path = BasePopupView.swift; sourceTree = "<group>"; };
		183CDFA42926CC83000CCE19 /* SearchQueueCollectionViewCell.swift */ = {isa = PBXFileReference; lastKnownFileType = sourcecode.swift; path = SearchQueueCollectionViewCell.swift; sourceTree = "<group>"; };
		183CDFA62926DEDA000CCE19 /* SearchQueueViewModel.swift */ = {isa = PBXFileReference; lastKnownFileType = sourcecode.swift; path = SearchQueueViewModel.swift; sourceTree = "<group>"; };
		18615AF8293005DA0014CB0F /* SearchResultViewController.swift */ = {isa = PBXFileReference; fileEncoding = 4; lastKnownFileType = sourcecode.swift; path = SearchResultViewController.swift; sourceTree = "<group>"; };
		18615AFB293007390014CB0F /* SearchResultView.swift */ = {isa = PBXFileReference; fileEncoding = 4; lastKnownFileType = sourcecode.swift; path = SearchResultView.swift; sourceTree = "<group>"; };
		18615AFE29300C160014CB0F /* RequestReaultView.swift */ = {isa = PBXFileReference; lastKnownFileType = sourcecode.swift; path = RequestReaultView.swift; sourceTree = "<group>"; };
		18615B05293014760014CB0F /* TabManViewController.swift */ = {isa = PBXFileReference; lastKnownFileType = sourcecode.swift; path = TabManViewController.swift; sourceTree = "<group>"; };
		1861CAA9292528FC00C6AA70 /* CustomAnnotation.swift */ = {isa = PBXFileReference; lastKnownFileType = sourcecode.swift; path = CustomAnnotation.swift; sourceTree = "<group>"; };
		1861CAAC2926829E00C6AA70 /* HomeViewModel.swift */ = {isa = PBXFileReference; lastKnownFileType = sourcecode.swift; path = HomeViewModel.swift; sourceTree = "<group>"; };
		1861CAAE2926949E00C6AA70 /* CObservable.swift */ = {isa = PBXFileReference; lastKnownFileType = sourcecode.swift; path = CObservable.swift; sourceTree = "<group>"; };
		1861CAB02926A11100C6AA70 /* CustomMapGenderButton.swift */ = {isa = PBXFileReference; lastKnownFileType = sourcecode.swift; path = CustomMapGenderButton.swift; sourceTree = "<group>"; };
		1861CAB32926B88F00C6AA70 /* SearchQueueView.swift */ = {isa = PBXFileReference; lastKnownFileType = sourcecode.swift; path = SearchQueueView.swift; sourceTree = "<group>"; };
		1861CAB52926B89C00C6AA70 /* SearchQueueViewController.swift */ = {isa = PBXFileReference; lastKnownFileType = sourcecode.swift; path = SearchQueueViewController.swift; sourceTree = "<group>"; };
		1870FAD02918B5A000BCC159 /* SeSAC2SLP.app */ = {isa = PBXFileReference; explicitFileType = wrapper.application; includeInIndex = 0; path = SeSAC2SLP.app; sourceTree = BUILT_PRODUCTS_DIR; };
		1870FAD32918B5A000BCC159 /* AppDelegate.swift */ = {isa = PBXFileReference; lastKnownFileType = sourcecode.swift; path = AppDelegate.swift; sourceTree = "<group>"; };
		1870FAD52918B5A000BCC159 /* SceneDelegate.swift */ = {isa = PBXFileReference; lastKnownFileType = sourcecode.swift; path = SceneDelegate.swift; sourceTree = "<group>"; };
		1870FADC2918B5A300BCC159 /* Assets.xcassets */ = {isa = PBXFileReference; lastKnownFileType = folder.assetcatalog; path = Assets.xcassets; sourceTree = "<group>"; };
		1870FADF2918B5A300BCC159 /* Base */ = {isa = PBXFileReference; lastKnownFileType = file.storyboard; name = Base; path = Base.lproj/LaunchScreen.storyboard; sourceTree = "<group>"; };
		1870FAE12918B5A300BCC159 /* Info.plist */ = {isa = PBXFileReference; lastKnownFileType = text.plist.xml; path = Info.plist; sourceTree = "<group>"; };
		1870FAE72918B5D500BCC159 /* .gitignore */ = {isa = PBXFileReference; lastKnownFileType = text; path = .gitignore; sourceTree = "<group>"; };
		1870FAEC2918FB5F00BCC159 /* Color.swift */ = {isa = PBXFileReference; lastKnownFileType = sourcecode.swift; path = Color.swift; sourceTree = "<group>"; };
		1870FAF02918FCB200BCC159 /* UserDefaultsHelper.swift */ = {isa = PBXFileReference; lastKnownFileType = sourcecode.swift; path = UserDefaultsHelper.swift; sourceTree = "<group>"; };
		1870FAFE2919265900BCC159 /* FirstPageViewController.swift */ = {isa = PBXFileReference; lastKnownFileType = sourcecode.swift; path = FirstPageViewController.swift; sourceTree = "<group>"; };
		1870FB002919266600BCC159 /* SecondPageViewController.swift */ = {isa = PBXFileReference; lastKnownFileType = sourcecode.swift; path = SecondPageViewController.swift; sourceTree = "<group>"; };
		1870FB022919267000BCC159 /* ThirdPageViewController.swift */ = {isa = PBXFileReference; lastKnownFileType = sourcecode.swift; path = ThirdPageViewController.swift; sourceTree = "<group>"; };
		1870FB05291926A100BCC159 /* BaseView.swift */ = {isa = PBXFileReference; lastKnownFileType = sourcecode.swift; path = BaseView.swift; sourceTree = "<group>"; };
		1870FB07291926A800BCC159 /* BaseViewController.swift */ = {isa = PBXFileReference; lastKnownFileType = sourcecode.swift; path = BaseViewController.swift; sourceTree = "<group>"; };
		1870FB1029197D9D00BCC159 /* TabBarController.swift */ = {isa = PBXFileReference; lastKnownFileType = sourcecode.swift; path = TabBarController.swift; sourceTree = "<group>"; };
		1870FB122919838000BCC159 /* OnboardingViewController.swift */ = {isa = PBXFileReference; lastKnownFileType = sourcecode.swift; path = OnboardingViewController.swift; sourceTree = "<group>"; };
		1870FB1529198B2400BCC159 /* OnboardingView.swift */ = {isa = PBXFileReference; lastKnownFileType = sourcecode.swift; path = OnboardingView.swift; sourceTree = "<group>"; };
		1870FB182919BAC000BCC159 /* UILabel+Extension.swift */ = {isa = PBXFileReference; lastKnownFileType = sourcecode.swift; path = "UILabel+Extension.swift"; sourceTree = "<group>"; };
		1870FB1B2919BCC600BCC159 /* NotoSansKR-Regular.otf */ = {isa = PBXFileReference; lastKnownFileType = file; path = "NotoSansKR-Regular.otf"; sourceTree = "<group>"; };
		1870FB1C2919BCC700BCC159 /* NotoSansKR-Medium.otf */ = {isa = PBXFileReference; lastKnownFileType = file; path = "NotoSansKR-Medium.otf"; sourceTree = "<group>"; };
		1870FB28291A492700BCC159 /* SeSAC2SLPDebug.entitlements */ = {isa = PBXFileReference; lastKnownFileType = text.plist.entitlements; path = SeSAC2SLPDebug.entitlements; sourceTree = "<group>"; };
		1870FB2A291A4D4C00BCC159 /* AuthenticationView.swift */ = {isa = PBXFileReference; lastKnownFileType = sourcecode.swift; path = AuthenticationView.swift; sourceTree = "<group>"; };
		1870FB36291A52CC00BCC159 /* CustomSignButton.swift */ = {isa = PBXFileReference; lastKnownFileType = sourcecode.swift; path = CustomSignButton.swift; sourceTree = "<group>"; };
		1870FB38291A53BE00BCC159 /* CustomSignLabel.swift */ = {isa = PBXFileReference; lastKnownFileType = sourcecode.swift; path = CustomSignLabel.swift; sourceTree = "<group>"; };
		1870FB3B291A54DD00BCC159 /* AuthenticationViewController.swift */ = {isa = PBXFileReference; lastKnownFileType = sourcecode.swift; path = AuthenticationViewController.swift; sourceTree = "<group>"; };
		1870FB3E291A557000BCC159 /* CustomSignTextField.swift */ = {isa = PBXFileReference; lastKnownFileType = sourcecode.swift; path = CustomSignTextField.swift; sourceTree = "<group>"; };
		1870FB40291A5B8900BCC159 /* AuthenticationViewModel.swift */ = {isa = PBXFileReference; lastKnownFileType = sourcecode.swift; path = AuthenticationViewModel.swift; sourceTree = "<group>"; };
		1870FB47291AFACF00BCC159 /* String+Extension.swift */ = {isa = PBXFileReference; lastKnownFileType = sourcecode.swift; path = "String+Extension.swift"; sourceTree = "<group>"; };
		1870FB4A291B2A8E00BCC159 /* CheckCodeView.swift */ = {isa = PBXFileReference; lastKnownFileType = sourcecode.swift; path = CheckCodeView.swift; sourceTree = "<group>"; };
		1870FB4C291B2AA300BCC159 /* CheckCodeViewModel.swift */ = {isa = PBXFileReference; lastKnownFileType = sourcecode.swift; path = CheckCodeViewModel.swift; sourceTree = "<group>"; };
		1870FB4E291B2ABD00BCC159 /* CheckCodeViewController.swift */ = {isa = PBXFileReference; lastKnownFileType = sourcecode.swift; path = CheckCodeViewController.swift; sourceTree = "<group>"; };
		1870FB55291B698D00BCC159 /* NicknameCheckView.swift */ = {isa = PBXFileReference; lastKnownFileType = sourcecode.swift; path = NicknameCheckView.swift; sourceTree = "<group>"; };
		1870FB57291B699B00BCC159 /* NicknameViewModel.swift */ = {isa = PBXFileReference; lastKnownFileType = sourcecode.swift; path = NicknameViewModel.swift; sourceTree = "<group>"; };
		1870FB59291B69A800BCC159 /* NicknameViewController.swift */ = {isa = PBXFileReference; lastKnownFileType = sourcecode.swift; path = NicknameViewController.swift; sourceTree = "<group>"; };
		1870FB69291C36BA00BCC159 /* AuthenticationManager.swift */ = {isa = PBXFileReference; lastKnownFileType = sourcecode.swift; path = AuthenticationManager.swift; sourceTree = "<group>"; };
		1870FB6B291CECBC00BCC159 /* BirthCheckView.swift */ = {isa = PBXFileReference; lastKnownFileType = sourcecode.swift; path = BirthCheckView.swift; sourceTree = "<group>"; };
		1870FB6D291CECC900BCC159 /* BirthCheckViewController.swift */ = {isa = PBXFileReference; lastKnownFileType = sourcecode.swift; path = BirthCheckViewController.swift; sourceTree = "<group>"; };
		1870FB6F291CECE800BCC159 /* BirthCheckViewModel.swift */ = {isa = PBXFileReference; lastKnownFileType = sourcecode.swift; path = BirthCheckViewModel.swift; sourceTree = "<group>"; };
		1870FB73291E06DD00BCC159 /* CustomBirthTextField.swift */ = {isa = PBXFileReference; lastKnownFileType = sourcecode.swift; path = CustomBirthTextField.swift; sourceTree = "<group>"; };
		1870FB75291E084E00BCC159 /* CustomBirthLabel.swift */ = {isa = PBXFileReference; lastKnownFileType = sourcecode.swift; path = CustomBirthLabel.swift; sourceTree = "<group>"; };
		18826583292C4CB600737F45 /* studyModel.swift */ = {isa = PBXFileReference; lastKnownFileType = sourcecode.swift; path = studyModel.swift; sourceTree = "<group>"; };
		18861AFB292A00B200A3C6E6 /* UserDetailViewModel.swift */ = {isa = PBXFileReference; lastKnownFileType = sourcecode.swift; path = UserDetailViewModel.swift; sourceTree = "<group>"; };
		18DB8BAE29209A7D007D90CD /* Endpoint.swift */ = {isa = PBXFileReference; lastKnownFileType = sourcecode.swift; path = Endpoint.swift; sourceTree = "<group>"; };
		18DB8BB329209C64007D90CD /* GoogleService-Info.plist */ = {isa = PBXFileReference; fileEncoding = 4; lastKnownFileType = text.plist.xml; path = "GoogleService-Info.plist"; sourceTree = "<group>"; };
		18DB8BB52920A05E007D90CD /* Network.swift */ = {isa = PBXFileReference; lastKnownFileType = sourcecode.swift; path = Network.swift; sourceTree = "<group>"; };
		18DB8BB72920A07A007D90CD /* APIService.swift */ = {isa = PBXFileReference; lastKnownFileType = sourcecode.swift; path = APIService.swift; sourceTree = "<group>"; };
		18DB8BBA2922176B007D90CD /* LaunchScreenView.swift */ = {isa = PBXFileReference; lastKnownFileType = sourcecode.swift; path = LaunchScreenView.swift; sourceTree = "<group>"; };
		18DB8BBC29221777007D90CD /* LaunchScreenViewController.swift */ = {isa = PBXFileReference; lastKnownFileType = sourcecode.swift; path = LaunchScreenViewController.swift; sourceTree = "<group>"; };
		18DB8BBE29222DEE007D90CD /* APICodeModel.swift */ = {isa = PBXFileReference; lastKnownFileType = sourcecode.swift; path = APICodeModel.swift; sourceTree = "<group>"; };
		18DB8BC1292255CE007D90CD /* UserInfoView.swift */ = {isa = PBXFileReference; lastKnownFileType = sourcecode.swift; path = UserInfoView.swift; sourceTree = "<group>"; };
		18DB8BC329225602007D90CD /* UserInfoViewController.swift */ = {isa = PBXFileReference; lastKnownFileType = sourcecode.swift; path = UserInfoViewController.swift; sourceTree = "<group>"; };
		18DB8BC52922560C007D90CD /* UserInfoViewModel.swift */ = {isa = PBXFileReference; lastKnownFileType = sourcecode.swift; path = UserInfoViewModel.swift; sourceTree = "<group>"; };
		18DB8BCE29226117007D90CD /* BaseCollectionViewCell.swift */ = {isa = PBXFileReference; lastKnownFileType = sourcecode.swift; path = BaseCollectionViewCell.swift; sourceTree = "<group>"; };
		18DB8BD029227B6F007D90CD /* BaseSignView.swift */ = {isa = PBXFileReference; lastKnownFileType = sourcecode.swift; path = BaseSignView.swift; sourceTree = "<group>"; };
		18DB8BD229227B8B007D90CD /* BaseSignViewController.swift */ = {isa = PBXFileReference; lastKnownFileType = sourcecode.swift; path = BaseSignViewController.swift; sourceTree = "<group>"; };
		18DB8BD529228831007D90CD /* UserDetailView.swift */ = {isa = PBXFileReference; lastKnownFileType = sourcecode.swift; path = UserDetailView.swift; sourceTree = "<group>"; };
		18DB8BD72922883C007D90CD /* UserDetailViewController.swift */ = {isa = PBXFileReference; lastKnownFileType = sourcecode.swift; path = UserDetailViewController.swift; sourceTree = "<group>"; };
		18DB8BD929236502007D90CD /* UserInfoTableViewCell.swift */ = {isa = PBXFileReference; lastKnownFileType = sourcecode.swift; path = UserInfoTableViewCell.swift; sourceTree = "<group>"; };
		18DB8BDB2923650D007D90CD /* UserMenuTableViewCell.swift */ = {isa = PBXFileReference; lastKnownFileType = sourcecode.swift; path = UserMenuTableViewCell.swift; sourceTree = "<group>"; };
		18DB8BDD2923653C007D90CD /* BaseTableViewCell.swift */ = {isa = PBXFileReference; lastKnownFileType = sourcecode.swift; path = BaseTableViewCell.swift; sourceTree = "<group>"; };
		18DB8BDF292371F1007D90CD /* UserMenu.swift */ = {isa = PBXFileReference; lastKnownFileType = sourcecode.swift; path = UserMenu.swift; sourceTree = "<group>"; };
		18DB8BE529239539007D90CD /* CustomSesacTitleLabel.swift */ = {isa = PBXFileReference; lastKnownFileType = sourcecode.swift; path = CustomSesacTitleLabel.swift; sourceTree = "<group>"; };
		18DB8BE7292395CF007D90CD /* SesacTitleColor.swift */ = {isa = PBXFileReference; lastKnownFileType = sourcecode.swift; path = SesacTitleColor.swift; sourceTree = "<group>"; };
		18DB8BF42923C974007D90CD /* HomeView.swift */ = {isa = PBXFileReference; lastKnownFileType = sourcecode.swift; path = HomeView.swift; sourceTree = "<group>"; };
		18DB8BF62923C98F007D90CD /* HomeViewController.swift */ = {isa = PBXFileReference; lastKnownFileType = sourcecode.swift; path = HomeViewController.swift; sourceTree = "<group>"; };
		18DB8BF82923CBB9007D90CD /* NetworkMonitor.swift */ = {isa = PBXFileReference; lastKnownFileType = sourcecode.swift; path = NetworkMonitor.swift; sourceTree = "<group>"; };
		18ED0AF2292C237F00FF9384 /* WithDrawViewController.swift */ = {isa = PBXFileReference; lastKnownFileType = sourcecode.swift; path = WithDrawViewController.swift; sourceTree = "<group>"; };
/* End PBXFileReference section */

/* Begin PBXFrameworksBuildPhase section */
		1870FACD2918B5A000BCC159 /* Frameworks */ = {
			isa = PBXFrameworksBuildPhase;
			buildActionMask = 2147483647;
			files = (
				18DB8BB229209AC2007D90CD /* Alamofire in Frameworks */,
				1870FB67291B8F4600BCC159 /* FirebaseMessaging in Frameworks */,
				1870FB61291B8F4600BCC159 /* FirebaseAnalyticsSwift in Frameworks */,
				1870FB2E291A505E00BCC159 /* Toast in Frameworks */,
				1870FB0B291926F900BCC159 /* SnapKit in Frameworks */,
				1870FB33291A518000BCC159 /* RxSwift in Frameworks */,
				1870FB65291B8F4600BCC159 /* FirebaseCrashlytics in Frameworks */,
				18615B04293010AD0014CB0F /* Tabman in Frameworks */,
				1870FB63291B8F4600BCC159 /* FirebaseAuth in Frameworks */,
				1870FB31291A518000BCC159 /* RxCocoa in Frameworks */,
				18DB8BF02923AFAB007D90CD /* MultiSlider in Frameworks */,
			);
			runOnlyForDeploymentPostprocessing = 0;
		};
/* End PBXFrameworksBuildPhase section */

/* Begin PBXGroup section */
		181121EC29300482006D6279 /* NoneSesacView */ = {
			isa = PBXGroup;
			children = (
				181121EA29300299006D6279 /* NoneSesacView.swift */,
			);
			path = NoneSesacView;
			sourceTree = "<group>";
		};
		181121ED29300495006D6279 /* SearchQueue */ = {
			isa = PBXGroup;
			children = (
				1861CAB32926B88F00C6AA70 /* SearchQueueView.swift */,
				183CDFA42926CC83000CCE19 /* SearchQueueCollectionViewCell.swift */,
				1811EE58292C3BB600261376 /* SearchQueueCollectionViewHeaderCell.swift */,
				1861CAB52926B89C00C6AA70 /* SearchQueueViewController.swift */,
				183CDFA62926DEDA000CCE19 /* SearchQueueViewModel.swift */,
			);
			path = SearchQueue;
			sourceTree = "<group>";
		};
		18615AFD2930074B0014CB0F /* SearchResult */ = {
			isa = PBXGroup;
			children = (
				18615AFB293007390014CB0F /* SearchResultView.swift */,
				18615AF8293005DA0014CB0F /* SearchResultViewController.swift */,
				18615AFE29300C160014CB0F /* RequestReaultView.swift */,
				1835BB0A2930498E007D926C /* RequestResultViewController.swift */,
				18615B05293014760014CB0F /* TabManViewController.swift */,
			);
			path = SearchResult;
			sourceTree = "<group>";
		};
		1861CAA8292528E700C6AA70 /* Annotation */ = {
			isa = PBXGroup;
			children = (
				1861CAA9292528FC00C6AA70 /* CustomAnnotation.swift */,
			);
			path = Annotation;
			sourceTree = "<group>";
		};
		1861CAB22926B85600C6AA70 /* Queue */ = {
			isa = PBXGroup;
			children = (
				18615AFD2930074B0014CB0F /* SearchResult */,
				181121ED29300495006D6279 /* SearchQueue */,
				181121EC29300482006D6279 /* NoneSesacView */,
			);
			path = Queue;
			sourceTree = "<group>";
		};
		1870FAC72918B5A000BCC159 = {
			isa = PBXGroup;
			children = (
				1870FAE72918B5D500BCC159 /* .gitignore */,
				1870FAD22918B5A000BCC159 /* SeSAC2SLP */,
				1870FAD12918B5A000BCC159 /* Products */,
			);
			sourceTree = "<group>";
		};
		1870FAD12918B5A000BCC159 /* Products */ = {
			isa = PBXGroup;
			children = (
				1870FAD02918B5A000BCC159 /* SeSAC2SLP.app */,
			);
			name = Products;
			sourceTree = "<group>";
		};
		1870FAD22918B5A000BCC159 /* SeSAC2SLP */ = {
			isa = PBXGroup;
			children = (
				1870FB28291A492700BCC159 /* SeSAC2SLPDebug.entitlements */,
				1870FB5E291B7DA900BCC159 /* Network */,
				1870FB172919BAB200BCC159 /* Extension */,
				1870FAD32918B5A000BCC159 /* AppDelegate.swift */,
				1870FAD52918B5A000BCC159 /* SceneDelegate.swift */,
				1870FAEA2918F7EB00BCC159 /* Constant */,
				1870FAE92918F7DA00BCC159 /* Scene */,
				1870FADC2918B5A300BCC159 /* Assets.xcassets */,
				1870FADE2918B5A300BCC159 /* LaunchScreen.storyboard */,
				1870FAE12918B5A300BCC159 /* Info.plist */,
				18DB8BB329209C64007D90CD /* GoogleService-Info.plist */,
			);
			path = SeSAC2SLP;
			sourceTree = "<group>";
		};
		1870FAE92918F7DA00BCC159 /* Scene */ = {
			isa = PBXGroup;
			children = (
				18DB8BF32923C968007D90CD /* Friends */,
				18DB8BF12923C95B007D90CD /* Shop */,
				18DB8BC0292255BC007D90CD /* UserInfo */,
				1870FB0F29197D9200BCC159 /* TabBar */,
				1870FAF52919000200BCC159 /* Home */,
				1870FAF42918FFF900BCC159 /* Sign */,
				1870FAF32918FFEB00BCC159 /* Onboarding */,
				18DB8BB92922173F007D90CD /* LaunchScreen */,
			);
			path = Scene;
			sourceTree = "<group>";
		};
		1870FAEA2918F7EB00BCC159 /* Constant */ = {
			isa = PBXGroup;
			children = (
				1870FB3D291A555C00BCC159 /* UITextField */,
				1870FB35291A52A700BCC159 /* UIButton */,
				1870FB34291A52A300BCC159 /* UILabel */,
				1870FB1A2919BCAF00BCC159 /* Font */,
				1870FB042919269A00BCC159 /* Base */,
				1870FAF02918FCB200BCC159 /* UserDefaultsHelper.swift */,
				1870FAEB2918F7FF00BCC159 /* Color */,
				1861CAA8292528E700C6AA70 /* Annotation */,
				1861CAAE2926949E00C6AA70 /* CObservable.swift */,
				18826583292C4CB600737F45 /* studyModel.swift */,
			);
			path = Constant;
			sourceTree = "<group>";
		};
		1870FAEB2918F7FF00BCC159 /* Color */ = {
			isa = PBXGroup;
			children = (
				1870FAEC2918FB5F00BCC159 /* Color.swift */,
				18DB8BE7292395CF007D90CD /* SesacTitleColor.swift */,
			);
			path = Color;
			sourceTree = "<group>";
		};
		1870FAF32918FFEB00BCC159 /* Onboarding */ = {
			isa = PBXGroup;
			children = (
				1870FAFB2919262200BCC159 /* OnboardingPage */,
				1870FB1529198B2400BCC159 /* OnboardingView.swift */,
				1870FB122919838000BCC159 /* OnboardingViewController.swift */,
			);
			path = Onboarding;
			sourceTree = "<group>";
		};
		1870FAF42918FFF900BCC159 /* Sign */ = {
			isa = PBXGroup;
			children = (
				1870FB53291B693E00BCC159 /* SignUp */,
				1870FB29291A4D0000BCC159 /* Authentication */,
			);
			path = Sign;
			sourceTree = "<group>";
		};
		1870FAF52919000200BCC159 /* Home */ = {
			isa = PBXGroup;
			children = (
				1861CAB22926B85600C6AA70 /* Queue */,
				18DB8BF42923C974007D90CD /* HomeView.swift */,
				18DB8BF62923C98F007D90CD /* HomeViewController.swift */,
				1861CAAC2926829E00C6AA70 /* HomeViewModel.swift */,
			);
			path = Home;
			sourceTree = "<group>";
		};
		1870FAFB2919262200BCC159 /* OnboardingPage */ = {
			isa = PBXGroup;
			children = (
				1870FAFE2919265900BCC159 /* FirstPageViewController.swift */,
				1870FB002919266600BCC159 /* SecondPageViewController.swift */,
				1870FB022919267000BCC159 /* ThirdPageViewController.swift */,
			);
			path = OnboardingPage;
			sourceTree = "<group>";
		};
		1870FB042919269A00BCC159 /* Base */ = {
			isa = PBXGroup;
			children = (
				1870FB05291926A100BCC159 /* BaseView.swift */,
				1870FB07291926A800BCC159 /* BaseViewController.swift */,
				18DB8BCE29226117007D90CD /* BaseCollectionViewCell.swift */,
				18DB8BD029227B6F007D90CD /* BaseSignView.swift */,
				18DB8BD229227B8B007D90CD /* BaseSignViewController.swift */,
				18DB8BDD2923653C007D90CD /* BaseTableViewCell.swift */,
				1818C5182928D97E0010625E /* ExpandTopView.swift */,
				181CB4C729291D0100B7F0E5 /* ExpandBackgroundView.swift */,
				1818C5142928C82E0010625E /* ExpandView.swift */,
				183946152932556E001C3644 /* BasePopupView.swift */,
			);
			path = Base;
			sourceTree = "<group>";
		};
		1870FB0F29197D9200BCC159 /* TabBar */ = {
			isa = PBXGroup;
			children = (
				1870FB1029197D9D00BCC159 /* TabBarController.swift */,
			);
			path = TabBar;
			sourceTree = "<group>";
		};
		1870FB172919BAB200BCC159 /* Extension */ = {
			isa = PBXGroup;
			children = (
				1870FB182919BAC000BCC159 /* UILabel+Extension.swift */,
				1870FB47291AFACF00BCC159 /* String+Extension.swift */,
				1838074D291F8431001755D5 /* Date+Extension.swift */,
				18380760291FC0EF001755D5 /* UIButton+Extension.swift */,
			);
			path = Extension;
			sourceTree = "<group>";
		};
		1870FB1A2919BCAF00BCC159 /* Font */ = {
			isa = PBXGroup;
			children = (
				1870FB1C2919BCC700BCC159 /* NotoSansKR-Medium.otf */,
				1870FB1B2919BCC600BCC159 /* NotoSansKR-Regular.otf */,
			);
			path = Font;
			sourceTree = "<group>";
		};
		1870FB29291A4D0000BCC159 /* Authentication */ = {
			isa = PBXGroup;
			children = (
				1870FB2A291A4D4C00BCC159 /* AuthenticationView.swift */,
				1870FB3B291A54DD00BCC159 /* AuthenticationViewController.swift */,
				1870FB40291A5B8900BCC159 /* AuthenticationViewModel.swift */,
				1870FB4A291B2A8E00BCC159 /* CheckCodeView.swift */,
				1870FB4E291B2ABD00BCC159 /* CheckCodeViewController.swift */,
				1870FB4C291B2AA300BCC159 /* CheckCodeViewModel.swift */,
			);
			path = Authentication;
			sourceTree = "<group>";
		};
		1870FB34291A52A300BCC159 /* UILabel */ = {
			isa = PBXGroup;
			children = (
				1870FB38291A53BE00BCC159 /* CustomSignLabel.swift */,
				1838075C291FBCEB001755D5 /* CustomSignDetailLabel.swift */,
				1870FB75291E084E00BCC159 /* CustomBirthLabel.swift */,
				18DB8BE529239539007D90CD /* CustomSesacTitleLabel.swift */,
				181CB4C52929158200B7F0E5 /* CustomUserDetailLabel.swift */,
			);
			path = UILabel;
			sourceTree = "<group>";
		};
		1870FB35291A52A700BCC159 /* UIButton */ = {
			isa = PBXGroup;
			children = (
				1870FB36291A52CC00BCC159 /* CustomSignButton.swift */,
				1838075E291FC08E001755D5 /* CustomGenderButton.swift */,
				1861CAB02926A11100C6AA70 /* CustomMapGenderButton.swift */,
			);
			path = UIButton;
			sourceTree = "<group>";
		};
		1870FB3D291A555C00BCC159 /* UITextField */ = {
			isa = PBXGroup;
			children = (
				1870FB3E291A557000BCC159 /* CustomSignTextField.swift */,
				1870FB73291E06DD00BCC159 /* CustomBirthTextField.swift */,
			);
			path = UITextField;
			sourceTree = "<group>";
		};
		1870FB53291B693E00BCC159 /* SignUp */ = {
			isa = PBXGroup;
			children = (
				1870FB55291B698D00BCC159 /* NicknameCheckView.swift */,
				1870FB57291B699B00BCC159 /* NicknameViewModel.swift */,
				1870FB59291B69A800BCC159 /* NicknameViewController.swift */,
				1870FB6B291CECBC00BCC159 /* BirthCheckView.swift */,
				1870FB6D291CECC900BCC159 /* BirthCheckViewController.swift */,
				1870FB6F291CECE800BCC159 /* BirthCheckViewModel.swift */,
				1838074F291FB73B001755D5 /* EmailCheckView.swift */,
				18380751291FB746001755D5 /* EmailCheckViewController.swift */,
				18380753291FB74D001755D5 /* EmailCheckViewModel.swift */,
				18380755291FBC16001755D5 /* GenderCheckView.swift */,
				18380757291FBC21001755D5 /* GenderCheckViewController.swift */,
				18380759291FBC27001755D5 /* GenderCheckViewModel.swift */,
			);
			path = SignUp;
			sourceTree = "<group>";
		};
		1870FB5E291B7DA900BCC159 /* Network */ = {
			isa = PBXGroup;
			children = (
				1870FB69291C36BA00BCC159 /* AuthenticationManager.swift */,
				18DB8BAE29209A7D007D90CD /* Endpoint.swift */,
				18DB8BB52920A05E007D90CD /* Network.swift */,
				18DB8BB72920A07A007D90CD /* APIService.swift */,
				18DB8BBE29222DEE007D90CD /* APICodeModel.swift */,
				18DB8BF82923CBB9007D90CD /* NetworkMonitor.swift */,
			);
			path = Network;
			sourceTree = "<group>";
		};
		18DB8BB92922173F007D90CD /* LaunchScreen */ = {
			isa = PBXGroup;
			children = (
				18DB8BBA2922176B007D90CD /* LaunchScreenView.swift */,
				18DB8BBC29221777007D90CD /* LaunchScreenViewController.swift */,
			);
			path = LaunchScreen;
			sourceTree = "<group>";
		};
		18DB8BC0292255BC007D90CD /* UserInfo */ = {
			isa = PBXGroup;
			children = (
				18DB8BD429228818007D90CD /* UserDetail */,
				18DB8BC1292255CE007D90CD /* UserInfoView.swift */,
				18DB8BC329225602007D90CD /* UserInfoViewController.swift */,
				18DB8BC52922560C007D90CD /* UserInfoViewModel.swift */,
				18DB8BD929236502007D90CD /* UserInfoTableViewCell.swift */,
				18DB8BDB2923650D007D90CD /* UserMenuTableViewCell.swift */,
				18DB8BDF292371F1007D90CD /* UserMenu.swift */,
			);
			path = UserInfo;
			sourceTree = "<group>";
		};
		18DB8BD429228818007D90CD /* UserDetail */ = {
			isa = PBXGroup;
			children = (
				18DB8BD529228831007D90CD /* UserDetailView.swift */,
				1818C5162928D73E0010625E /* UserDetailUnderView.swift */,
				18DB8BD72922883C007D90CD /* UserDetailViewController.swift */,
				18861AFB292A00B200A3C6E6 /* UserDetailViewModel.swift */,
				18ED0AF2292C237F00FF9384 /* WithDrawViewController.swift */,
			);
			path = UserDetail;
			sourceTree = "<group>";
		};
		18DB8BF12923C95B007D90CD /* Shop */ = {
			isa = PBXGroup;
			children = (
			);
			path = Shop;
			sourceTree = "<group>";
		};
		18DB8BF32923C968007D90CD /* Friends */ = {
			isa = PBXGroup;
			children = (
			);
			path = Friends;
			sourceTree = "<group>";
		};
/* End PBXGroup section */

/* Begin PBXNativeTarget section */
		1870FACF2918B5A000BCC159 /* SeSAC2SLP */ = {
			isa = PBXNativeTarget;
			buildConfigurationList = 1870FAE42918B5A300BCC159 /* Build configuration list for PBXNativeTarget "SeSAC2SLP" */;
			buildPhases = (
				1870FACC2918B5A000BCC159 /* Sources */,
				1870FACD2918B5A000BCC159 /* Frameworks */,
				1870FACE2918B5A000BCC159 /* Resources */,
			);
			buildRules = (
			);
			dependencies = (
			);
			name = SeSAC2SLP;
			packageProductDependencies = (
				1870FB0A291926F900BCC159 /* SnapKit */,
				1870FB2D291A505E00BCC159 /* Toast */,
				1870FB30291A518000BCC159 /* RxCocoa */,
				1870FB32291A518000BCC159 /* RxSwift */,
				1870FB60291B8F4600BCC159 /* FirebaseAnalyticsSwift */,
				1870FB62291B8F4600BCC159 /* FirebaseAuth */,
				1870FB64291B8F4600BCC159 /* FirebaseCrashlytics */,
				1870FB66291B8F4600BCC159 /* FirebaseMessaging */,
				18DB8BB129209AC2007D90CD /* Alamofire */,
				18DB8BEF2923AFAB007D90CD /* MultiSlider */,
				18615B03293010AD0014CB0F /* Tabman */,
			);
			productName = SeSAC2SLP;
			productReference = 1870FAD02918B5A000BCC159 /* SeSAC2SLP.app */;
			productType = "com.apple.product-type.application";
		};
/* End PBXNativeTarget section */

/* Begin PBXProject section */
		1870FAC82918B5A000BCC159 /* Project object */ = {
			isa = PBXProject;
			attributes = {
				BuildIndependentTargetsInParallel = 1;
				LastSwiftUpdateCheck = 1410;
				LastUpgradeCheck = 1410;
				TargetAttributes = {
					1870FACF2918B5A000BCC159 = {
						CreatedOnToolsVersion = 14.1;
					};
				};
			};
			buildConfigurationList = 1870FACB2918B5A000BCC159 /* Build configuration list for PBXProject "SeSAC2SLP" */;
			compatibilityVersion = "Xcode 14.0";
			developmentRegion = en;
			hasScannedForEncodings = 0;
			knownRegions = (
				en,
				Base,
			);
			mainGroup = 1870FAC72918B5A000BCC159;
			packageReferences = (
				1870FB09291926F900BCC159 /* XCRemoteSwiftPackageReference "SnapKit" */,
				1870FB2C291A505E00BCC159 /* XCRemoteSwiftPackageReference "Toast-Swift" */,
				1870FB2F291A517F00BCC159 /* XCRemoteSwiftPackageReference "RxSwift" */,
				1870FB5F291B8F4600BCC159 /* XCRemoteSwiftPackageReference "firebase-ios-sdk" */,
				18DB8BB029209AC2007D90CD /* XCRemoteSwiftPackageReference "Alamofire" */,
				18DB8BEE2923AFAB007D90CD /* XCRemoteSwiftPackageReference "MultiSlider" */,
				18615B02293010AD0014CB0F /* XCRemoteSwiftPackageReference "Tabman" */,
			);
			productRefGroup = 1870FAD12918B5A000BCC159 /* Products */;
			projectDirPath = "";
			projectRoot = "";
			targets = (
				1870FACF2918B5A000BCC159 /* SeSAC2SLP */,
			);
		};
/* End PBXProject section */

/* Begin PBXResourcesBuildPhase section */
		1870FACE2918B5A000BCC159 /* Resources */ = {
			isa = PBXResourcesBuildPhase;
			buildActionMask = 2147483647;
			files = (
				1870FAE82918B5D500BCC159 /* .gitignore in Resources */,
				1870FAE02918B5A300BCC159 /* LaunchScreen.storyboard in Resources */,
				1870FB1E2919BCC700BCC159 /* NotoSansKR-Medium.otf in Resources */,
				1870FB1D2919BCC700BCC159 /* NotoSansKR-Regular.otf in Resources */,
				1870FADD2918B5A300BCC159 /* Assets.xcassets in Resources */,
				18DB8BB429209C64007D90CD /* GoogleService-Info.plist in Resources */,
			);
			runOnlyForDeploymentPostprocessing = 0;
		};
/* End PBXResourcesBuildPhase section */

/* Begin PBXSourcesBuildPhase section */
		1870FACC2918B5A000BCC159 /* Sources */ = {
			isa = PBXSourcesBuildPhase;
			buildActionMask = 2147483647;
			files = (
				181121EB29300299006D6279 /* NoneSesacView.swift in Sources */,
				18615B06293014760014CB0F /* TabManViewController.swift in Sources */,
				183946162932556E001C3644 /* BasePopupView.swift in Sources */,
				1870FB41291A5B8900BCC159 /* AuthenticationViewModel.swift in Sources */,
				1870FB032919267000BCC159 /* ThirdPageViewController.swift in Sources */,
				18DB8BC62922560C007D90CD /* UserInfoViewModel.swift in Sources */,
				1870FB6E291CECC900BCC159 /* BirthCheckViewController.swift in Sources */,
				18DB8BBF29222DEE007D90CD /* APICodeModel.swift in Sources */,
				1870FB58291B699B00BCC159 /* NicknameViewModel.swift in Sources */,
				1870FB3F291A557000BCC159 /* CustomSignTextField.swift in Sources */,
				1870FB76291E084E00BCC159 /* CustomBirthLabel.swift in Sources */,
				18DB8BC429225602007D90CD /* UserInfoViewController.swift in Sources */,
				18DB8BF52923C975007D90CD /* HomeView.swift in Sources */,
				1818C5192928D97E0010625E /* ExpandTopView.swift in Sources */,
				18DB8BD329227B8B007D90CD /* BaseSignViewController.swift in Sources */,
				1835BB0B2930498E007D926C /* RequestResultViewController.swift in Sources */,
				1870FB08291926A800BCC159 /* BaseViewController.swift in Sources */,
				18DB8BBB2922176B007D90CD /* LaunchScreenView.swift in Sources */,
				18DB8BD82922883C007D90CD /* UserDetailViewController.swift in Sources */,
				18615AF9293005DA0014CB0F /* SearchResultViewController.swift in Sources */,
				18DB8BF72923C98F007D90CD /* HomeViewController.swift in Sources */,
				181CB4C829291D0100B7F0E5 /* ExpandBackgroundView.swift in Sources */,
				1870FB1129197D9D00BCC159 /* TabBarController.swift in Sources */,
				18DB8BAF29209A7D007D90CD /* Endpoint.swift in Sources */,
				18DB8BDE2923653C007D90CD /* BaseTableViewCell.swift in Sources */,
				1861CAB12926A11100C6AA70 /* CustomMapGenderButton.swift in Sources */,
				1870FB012919266600BCC159 /* SecondPageViewController.swift in Sources */,
				1861CAB62926B89C00C6AA70 /* SearchQueueViewController.swift in Sources */,
				1870FB6A291C36BA00BCC159 /* AuthenticationManager.swift in Sources */,
				1870FB56291B698D00BCC159 /* NicknameCheckView.swift in Sources */,
				1861CAAA292528FC00C6AA70 /* CustomAnnotation.swift in Sources */,
				18DB8BD629228831007D90CD /* UserDetailView.swift in Sources */,
				1870FB6C291CECBC00BCC159 /* BirthCheckView.swift in Sources */,
				1870FB70291CECE800BCC159 /* BirthCheckViewModel.swift in Sources */,
				1838075D291FBCEB001755D5 /* CustomSignDetailLabel.swift in Sources */,
				1870FB5A291B69A800BCC159 /* NicknameViewController.swift in Sources */,
				18DB8BB82920A07A007D90CD /* APIService.swift in Sources */,
				1870FAF12918FCB200BCC159 /* UserDefaultsHelper.swift in Sources */,
				1870FAED2918FB5F00BCC159 /* Color.swift in Sources */,
				1861CAB42926B88F00C6AA70 /* SearchQueueView.swift in Sources */,
				1870FB48291AFACF00BCC159 /* String+Extension.swift in Sources */,
				18861AFC292A00B200A3C6E6 /* UserDetailViewModel.swift in Sources */,
				18DB8BDC2923650D007D90CD /* UserMenuTableViewCell.swift in Sources */,
				1870FB4D291B2AA300BCC159 /* CheckCodeViewModel.swift in Sources */,
				1870FB37291A52CC00BCC159 /* CustomSignButton.swift in Sources */,
				18DB8BCF29226117007D90CD /* BaseCollectionViewCell.swift in Sources */,
				1870FB132919838000BCC159 /* OnboardingViewController.swift in Sources */,
				181CB4C62929158200B7F0E5 /* CustomUserDetailLabel.swift in Sources */,
				18DB8BE0292371F1007D90CD /* UserMenu.swift in Sources */,
				18615AFF29300C160014CB0F /* RequestReaultView.swift in Sources */,
				183CDFA52926CC83000CCE19 /* SearchQueueCollectionViewCell.swift in Sources */,
				1811EE59292C3BB600261376 /* SearchQueueCollectionViewHeaderCell.swift in Sources */,
				1870FAFF2919265900BCC159 /* FirstPageViewController.swift in Sources */,
				18DB8BC2292255CF007D90CD /* UserInfoView.swift in Sources */,
				1870FB4B291B2A8E00BCC159 /* CheckCodeView.swift in Sources */,
				18380758291FBC21001755D5 /* GenderCheckViewController.swift in Sources */,
				18380754291FB74D001755D5 /* EmailCheckViewModel.swift in Sources */,
				1838075A291FBC27001755D5 /* GenderCheckViewModel.swift in Sources */,
				18380752291FB746001755D5 /* EmailCheckViewController.swift in Sources */,
				1818C5152928C82E0010625E /* ExpandView.swift in Sources */,
				1870FB06291926A100BCC159 /* BaseView.swift in Sources */,
				1838074E291F8431001755D5 /* Date+Extension.swift in Sources */,
				18DB8BD129227B6F007D90CD /* BaseSignView.swift in Sources */,
				18DB8BBD29221777007D90CD /* LaunchScreenViewController.swift in Sources */,
				1870FB4F291B2ABD00BCC159 /* CheckCodeViewController.swift in Sources */,
				1870FAD42918B5A000BCC159 /* AppDelegate.swift in Sources */,
				1861CAAD2926829E00C6AA70 /* HomeViewModel.swift in Sources */,
				1838075F291FC08E001755D5 /* CustomGenderButton.swift in Sources */,
				1870FB2B291A4D4C00BCC159 /* AuthenticationView.swift in Sources */,
				18DB8BDA29236502007D90CD /* UserInfoTableViewCell.swift in Sources */,
				1870FB39291A53BE00BCC159 /* CustomSignLabel.swift in Sources */,
				1870FB1629198B2400BCC159 /* OnboardingView.swift in Sources */,
				18615AFC293007390014CB0F /* SearchResultView.swift in Sources */,
				1818C5172928D73E0010625E /* UserDetailUnderView.swift in Sources */,
				18DB8BF92923CBB9007D90CD /* NetworkMonitor.swift in Sources */,
				18826584292C4CB600737F45 /* studyModel.swift in Sources */,
				1870FB192919BAC000BCC159 /* UILabel+Extension.swift in Sources */,
				18DB8BE629239539007D90CD /* CustomSesacTitleLabel.swift in Sources */,
				18ED0AF3292C237F00FF9384 /* WithDrawViewController.swift in Sources */,
				1861CAAF2926949E00C6AA70 /* CObservable.swift in Sources */,
				18DB8BE8292395CF007D90CD /* SesacTitleColor.swift in Sources */,
				183CDFA72926DEDA000CCE19 /* SearchQueueViewModel.swift in Sources */,
				1870FB74291E06DD00BCC159 /* CustomBirthTextField.swift in Sources */,
				18DB8BB62920A05E007D90CD /* Network.swift in Sources */,
				1870FB3C291A54DD00BCC159 /* AuthenticationViewController.swift in Sources */,
				18380756291FBC16001755D5 /* GenderCheckView.swift in Sources */,
				18380750291FB73B001755D5 /* EmailCheckView.swift in Sources */,
				1870FAD62918B5A000BCC159 /* SceneDelegate.swift in Sources */,
				18380761291FC0EF001755D5 /* UIButton+Extension.swift in Sources */,
			);
			runOnlyForDeploymentPostprocessing = 0;
		};
/* End PBXSourcesBuildPhase section */

/* Begin PBXVariantGroup section */
		1870FADE2918B5A300BCC159 /* LaunchScreen.storyboard */ = {
			isa = PBXVariantGroup;
			children = (
				1870FADF2918B5A300BCC159 /* Base */,
			);
			name = LaunchScreen.storyboard;
			sourceTree = "<group>";
		};
/* End PBXVariantGroup section */

/* Begin XCBuildConfiguration section */
		1870FAE22918B5A300BCC159 /* Debug */ = {
			isa = XCBuildConfiguration;
			buildSettings = {
				ALWAYS_SEARCH_USER_PATHS = NO;
				CLANG_ANALYZER_NONNULL = YES;
				CLANG_ANALYZER_NUMBER_OBJECT_CONVERSION = YES_AGGRESSIVE;
				CLANG_CXX_LANGUAGE_STANDARD = "gnu++20";
				CLANG_ENABLE_MODULES = YES;
				CLANG_ENABLE_OBJC_ARC = YES;
				CLANG_ENABLE_OBJC_WEAK = YES;
				CLANG_WARN_BLOCK_CAPTURE_AUTORELEASING = YES;
				CLANG_WARN_BOOL_CONVERSION = YES;
				CLANG_WARN_COMMA = YES;
				CLANG_WARN_CONSTANT_CONVERSION = YES;
				CLANG_WARN_DEPRECATED_OBJC_IMPLEMENTATIONS = YES;
				CLANG_WARN_DIRECT_OBJC_ISA_USAGE = YES_ERROR;
				CLANG_WARN_DOCUMENTATION_COMMENTS = YES;
				CLANG_WARN_EMPTY_BODY = YES;
				CLANG_WARN_ENUM_CONVERSION = YES;
				CLANG_WARN_INFINITE_RECURSION = YES;
				CLANG_WARN_INT_CONVERSION = YES;
				CLANG_WARN_NON_LITERAL_NULL_CONVERSION = YES;
				CLANG_WARN_OBJC_IMPLICIT_RETAIN_SELF = YES;
				CLANG_WARN_OBJC_LITERAL_CONVERSION = YES;
				CLANG_WARN_OBJC_ROOT_CLASS = YES_ERROR;
				CLANG_WARN_QUOTED_INCLUDE_IN_FRAMEWORK_HEADER = YES;
				CLANG_WARN_RANGE_LOOP_ANALYSIS = YES;
				CLANG_WARN_STRICT_PROTOTYPES = YES;
				CLANG_WARN_SUSPICIOUS_MOVE = YES;
				CLANG_WARN_UNGUARDED_AVAILABILITY = YES_AGGRESSIVE;
				CLANG_WARN_UNREACHABLE_CODE = YES;
				CLANG_WARN__DUPLICATE_METHOD_MATCH = YES;
				COPY_PHASE_STRIP = NO;
				DEBUG_INFORMATION_FORMAT = dwarf;
				ENABLE_STRICT_OBJC_MSGSEND = YES;
				ENABLE_TESTABILITY = YES;
				GCC_C_LANGUAGE_STANDARD = gnu11;
				GCC_DYNAMIC_NO_PIC = NO;
				GCC_NO_COMMON_BLOCKS = YES;
				GCC_OPTIMIZATION_LEVEL = 0;
				GCC_PREPROCESSOR_DEFINITIONS = (
					"DEBUG=1",
					"$(inherited)",
				);
				GCC_WARN_64_TO_32_BIT_CONVERSION = YES;
				GCC_WARN_ABOUT_RETURN_TYPE = YES_ERROR;
				GCC_WARN_UNDECLARED_SELECTOR = YES;
				GCC_WARN_UNINITIALIZED_AUTOS = YES_AGGRESSIVE;
				GCC_WARN_UNUSED_FUNCTION = YES;
				GCC_WARN_UNUSED_VARIABLE = YES;
				IPHONEOS_DEPLOYMENT_TARGET = 15.0;
				MTL_ENABLE_DEBUG_INFO = INCLUDE_SOURCE;
				MTL_FAST_MATH = YES;
				ONLY_ACTIVE_ARCH = YES;
				SDKROOT = iphoneos;
				SWIFT_ACTIVE_COMPILATION_CONDITIONS = DEBUG;
				SWIFT_OPTIMIZATION_LEVEL = "-Onone";
			};
			name = Debug;
		};
		1870FAE32918B5A300BCC159 /* Release */ = {
			isa = XCBuildConfiguration;
			buildSettings = {
				ALWAYS_SEARCH_USER_PATHS = NO;
				CLANG_ANALYZER_NONNULL = YES;
				CLANG_ANALYZER_NUMBER_OBJECT_CONVERSION = YES_AGGRESSIVE;
				CLANG_CXX_LANGUAGE_STANDARD = "gnu++20";
				CLANG_ENABLE_MODULES = YES;
				CLANG_ENABLE_OBJC_ARC = YES;
				CLANG_ENABLE_OBJC_WEAK = YES;
				CLANG_WARN_BLOCK_CAPTURE_AUTORELEASING = YES;
				CLANG_WARN_BOOL_CONVERSION = YES;
				CLANG_WARN_COMMA = YES;
				CLANG_WARN_CONSTANT_CONVERSION = YES;
				CLANG_WARN_DEPRECATED_OBJC_IMPLEMENTATIONS = YES;
				CLANG_WARN_DIRECT_OBJC_ISA_USAGE = YES_ERROR;
				CLANG_WARN_DOCUMENTATION_COMMENTS = YES;
				CLANG_WARN_EMPTY_BODY = YES;
				CLANG_WARN_ENUM_CONVERSION = YES;
				CLANG_WARN_INFINITE_RECURSION = YES;
				CLANG_WARN_INT_CONVERSION = YES;
				CLANG_WARN_NON_LITERAL_NULL_CONVERSION = YES;
				CLANG_WARN_OBJC_IMPLICIT_RETAIN_SELF = YES;
				CLANG_WARN_OBJC_LITERAL_CONVERSION = YES;
				CLANG_WARN_OBJC_ROOT_CLASS = YES_ERROR;
				CLANG_WARN_QUOTED_INCLUDE_IN_FRAMEWORK_HEADER = YES;
				CLANG_WARN_RANGE_LOOP_ANALYSIS = YES;
				CLANG_WARN_STRICT_PROTOTYPES = YES;
				CLANG_WARN_SUSPICIOUS_MOVE = YES;
				CLANG_WARN_UNGUARDED_AVAILABILITY = YES_AGGRESSIVE;
				CLANG_WARN_UNREACHABLE_CODE = YES;
				CLANG_WARN__DUPLICATE_METHOD_MATCH = YES;
				COPY_PHASE_STRIP = NO;
				DEBUG_INFORMATION_FORMAT = "dwarf-with-dsym";
				ENABLE_NS_ASSERTIONS = NO;
				ENABLE_STRICT_OBJC_MSGSEND = YES;
				GCC_C_LANGUAGE_STANDARD = gnu11;
				GCC_NO_COMMON_BLOCKS = YES;
				GCC_WARN_64_TO_32_BIT_CONVERSION = YES;
				GCC_WARN_ABOUT_RETURN_TYPE = YES_ERROR;
				GCC_WARN_UNDECLARED_SELECTOR = YES;
				GCC_WARN_UNINITIALIZED_AUTOS = YES_AGGRESSIVE;
				GCC_WARN_UNUSED_FUNCTION = YES;
				GCC_WARN_UNUSED_VARIABLE = YES;
				IPHONEOS_DEPLOYMENT_TARGET = 15.0;
				MTL_ENABLE_DEBUG_INFO = NO;
				MTL_FAST_MATH = YES;
				SDKROOT = iphoneos;
				SWIFT_COMPILATION_MODE = wholemodule;
				SWIFT_OPTIMIZATION_LEVEL = "-O";
				VALIDATE_PRODUCT = YES;
			};
			name = Release;
		};
		1870FAE52918B5A300BCC159 /* Debug */ = {
			isa = XCBuildConfiguration;
			buildSettings = {
				ASSETCATALOG_COMPILER_APPICON_NAME = AppIcon;
				ASSETCATALOG_COMPILER_GLOBAL_ACCENT_COLOR_NAME = AccentColor;
				CODE_SIGN_ENTITLEMENTS = SeSAC2SLP/SeSAC2SLPDebug.entitlements;
				CODE_SIGN_STYLE = Automatic;
				CURRENT_PROJECT_VERSION = 1;
				DEVELOPMENT_TEAM = UT362X937Q;
				GENERATE_INFOPLIST_FILE = YES;
				INFOPLIST_FILE = SeSAC2SLP/Info.plist;
				INFOPLIST_KEY_UIApplicationSupportsIndirectInputEvents = YES;
				INFOPLIST_KEY_UILaunchStoryboardName = LaunchScreen;
				INFOPLIST_KEY_UISupportedInterfaceOrientations = UIInterfaceOrientationPortrait;
				INFOPLIST_KEY_UISupportedInterfaceOrientations_iPad = "UIInterfaceOrientationLandscapeLeft UIInterfaceOrientationLandscapeRight UIInterfaceOrientationPortrait UIInterfaceOrientationPortraitUpsideDown";
				INFOPLIST_KEY_UIUserInterfaceStyle = Light;
				IPHONEOS_DEPLOYMENT_TARGET = 15.0;
				LD_RUNPATH_SEARCH_PATHS = (
					"$(inherited)",
					"@executable_path/Frameworks",
				);
				MARKETING_VERSION = 1.0;
				PRODUCT_BUNDLE_IDENTIFIER = com.memolease.sesacslp;
				PRODUCT_NAME = "$(TARGET_NAME)";
				SUPPORTED_PLATFORMS = "iphoneos iphonesimulator";
				SUPPORTS_MACCATALYST = NO;
				SUPPORTS_MAC_DESIGNED_FOR_IPHONE_IPAD = NO;
				SWIFT_EMIT_LOC_STRINGS = YES;
				SWIFT_VERSION = 5.0;
				TARGETED_DEVICE_FAMILY = 1;
			};
			name = Debug;
		};
		1870FAE62918B5A300BCC159 /* Release */ = {
			isa = XCBuildConfiguration;
			buildSettings = {
				ASSETCATALOG_COMPILER_APPICON_NAME = AppIcon;
				ASSETCATALOG_COMPILER_GLOBAL_ACCENT_COLOR_NAME = AccentColor;
				CODE_SIGN_STYLE = Automatic;
				CURRENT_PROJECT_VERSION = 1;
				DEVELOPMENT_TEAM = UT362X937Q;
				GENERATE_INFOPLIST_FILE = YES;
				INFOPLIST_FILE = SeSAC2SLP/Info.plist;
				INFOPLIST_KEY_UIApplicationSupportsIndirectInputEvents = YES;
				INFOPLIST_KEY_UILaunchStoryboardName = LaunchScreen;
				INFOPLIST_KEY_UISupportedInterfaceOrientations = UIInterfaceOrientationPortrait;
				INFOPLIST_KEY_UISupportedInterfaceOrientations_iPad = "UIInterfaceOrientationLandscapeLeft UIInterfaceOrientationLandscapeRight UIInterfaceOrientationPortrait UIInterfaceOrientationPortraitUpsideDown";
				INFOPLIST_KEY_UIUserInterfaceStyle = Light;
				IPHONEOS_DEPLOYMENT_TARGET = 15.0;
				LD_RUNPATH_SEARCH_PATHS = (
					"$(inherited)",
					"@executable_path/Frameworks",
				);
				MARKETING_VERSION = 1.0;
				PRODUCT_BUNDLE_IDENTIFIER = io.github.yyyng2.SeSAC2SLP;
				PRODUCT_NAME = "$(TARGET_NAME)";
				SUPPORTED_PLATFORMS = "iphoneos iphonesimulator";
				SUPPORTS_MACCATALYST = NO;
				SUPPORTS_MAC_DESIGNED_FOR_IPHONE_IPAD = NO;
				SWIFT_EMIT_LOC_STRINGS = YES;
				SWIFT_VERSION = 5.0;
				TARGETED_DEVICE_FAMILY = 1;
			};
			name = Release;
		};
/* End XCBuildConfiguration section */

/* Begin XCConfigurationList section */
		1870FACB2918B5A000BCC159 /* Build configuration list for PBXProject "SeSAC2SLP" */ = {
			isa = XCConfigurationList;
			buildConfigurations = (
				1870FAE22918B5A300BCC159 /* Debug */,
				1870FAE32918B5A300BCC159 /* Release */,
			);
			defaultConfigurationIsVisible = 0;
			defaultConfigurationName = Release;
		};
		1870FAE42918B5A300BCC159 /* Build configuration list for PBXNativeTarget "SeSAC2SLP" */ = {
			isa = XCConfigurationList;
			buildConfigurations = (
				1870FAE52918B5A300BCC159 /* Debug */,
				1870FAE62918B5A300BCC159 /* Release */,
			);
			defaultConfigurationIsVisible = 0;
			defaultConfigurationName = Release;
		};
/* End XCConfigurationList section */

/* Begin XCRemoteSwiftPackageReference section */
		18615B02293010AD0014CB0F /* XCRemoteSwiftPackageReference "Tabman" */ = {
			isa = XCRemoteSwiftPackageReference;
			repositoryURL = "https://github.com/uias/Tabman";
			requirement = {
				kind = upToNextMajorVersion;
				minimumVersion = 3.0.0;
			};
		};
		1870FB09291926F900BCC159 /* XCRemoteSwiftPackageReference "SnapKit" */ = {
			isa = XCRemoteSwiftPackageReference;
			repositoryURL = "https://github.com/SnapKit/SnapKit.git";
			requirement = {
				kind = upToNextMajorVersion;
				minimumVersion = 5.0.0;
			};
		};
		1870FB2C291A505E00BCC159 /* XCRemoteSwiftPackageReference "Toast-Swift" */ = {
			isa = XCRemoteSwiftPackageReference;
			repositoryURL = "https://github.com/scalessec/Toast-Swift.git";
			requirement = {
				kind = upToNextMajorVersion;
				minimumVersion = 5.0.0;
			};
		};
		1870FB2F291A517F00BCC159 /* XCRemoteSwiftPackageReference "RxSwift" */ = {
			isa = XCRemoteSwiftPackageReference;
			repositoryURL = "https://github.com/ReactiveX/RxSwift.git";
			requirement = {
				kind = upToNextMajorVersion;
				minimumVersion = 6.0.0;
			};
		};
		1870FB5F291B8F4600BCC159 /* XCRemoteSwiftPackageReference "firebase-ios-sdk" */ = {
			isa = XCRemoteSwiftPackageReference;
			repositoryURL = "https://github.com/firebase/firebase-ios-sdk";
			requirement = {
				kind = upToNextMajorVersion;
				minimumVersion = 9.0.0;
			};
		};
		18DB8BB029209AC2007D90CD /* XCRemoteSwiftPackageReference "Alamofire" */ = {
			isa = XCRemoteSwiftPackageReference;
			repositoryURL = "https://github.com/Alamofire/Alamofire.git";
			requirement = {
				kind = upToNextMajorVersion;
				minimumVersion = 5.0.0;
			};
		};
		18DB8BEE2923AFAB007D90CD /* XCRemoteSwiftPackageReference "MultiSlider" */ = {
			isa = XCRemoteSwiftPackageReference;
			repositoryURL = "https://github.com/yonat/MultiSlider.git";
			requirement = {
				kind = upToNextMajorVersion;
				minimumVersion = 1.0.0;
			};
		};
/* End XCRemoteSwiftPackageReference section */

/* Begin XCSwiftPackageProductDependency section */
		18615B03293010AD0014CB0F /* Tabman */ = {
			isa = XCSwiftPackageProductDependency;
			package = 18615B02293010AD0014CB0F /* XCRemoteSwiftPackageReference "Tabman" */;
			productName = Tabman;
		};
		1870FB0A291926F900BCC159 /* SnapKit */ = {
			isa = XCSwiftPackageProductDependency;
			package = 1870FB09291926F900BCC159 /* XCRemoteSwiftPackageReference "SnapKit" */;
			productName = SnapKit;
		};
		1870FB2D291A505E00BCC159 /* Toast */ = {
			isa = XCSwiftPackageProductDependency;
			package = 1870FB2C291A505E00BCC159 /* XCRemoteSwiftPackageReference "Toast-Swift" */;
			productName = Toast;
		};
		1870FB30291A518000BCC159 /* RxCocoa */ = {
			isa = XCSwiftPackageProductDependency;
			package = 1870FB2F291A517F00BCC159 /* XCRemoteSwiftPackageReference "RxSwift" */;
			productName = RxCocoa;
		};
		1870FB32291A518000BCC159 /* RxSwift */ = {
			isa = XCSwiftPackageProductDependency;
			package = 1870FB2F291A517F00BCC159 /* XCRemoteSwiftPackageReference "RxSwift" */;
			productName = RxSwift;
		};
		1870FB60291B8F4600BCC159 /* FirebaseAnalyticsSwift */ = {
			isa = XCSwiftPackageProductDependency;
			package = 1870FB5F291B8F4600BCC159 /* XCRemoteSwiftPackageReference "firebase-ios-sdk" */;
			productName = FirebaseAnalyticsSwift;
		};
		1870FB62291B8F4600BCC159 /* FirebaseAuth */ = {
			isa = XCSwiftPackageProductDependency;
			package = 1870FB5F291B8F4600BCC159 /* XCRemoteSwiftPackageReference "firebase-ios-sdk" */;
			productName = FirebaseAuth;
		};
		1870FB64291B8F4600BCC159 /* FirebaseCrashlytics */ = {
			isa = XCSwiftPackageProductDependency;
			package = 1870FB5F291B8F4600BCC159 /* XCRemoteSwiftPackageReference "firebase-ios-sdk" */;
			productName = FirebaseCrashlytics;
		};
		1870FB66291B8F4600BCC159 /* FirebaseMessaging */ = {
			isa = XCSwiftPackageProductDependency;
			package = 1870FB5F291B8F4600BCC159 /* XCRemoteSwiftPackageReference "firebase-ios-sdk" */;
			productName = FirebaseMessaging;
		};
		18DB8BB129209AC2007D90CD /* Alamofire */ = {
			isa = XCSwiftPackageProductDependency;
			package = 18DB8BB029209AC2007D90CD /* XCRemoteSwiftPackageReference "Alamofire" */;
			productName = Alamofire;
		};
		18DB8BEF2923AFAB007D90CD /* MultiSlider */ = {
			isa = XCSwiftPackageProductDependency;
			package = 18DB8BEE2923AFAB007D90CD /* XCRemoteSwiftPackageReference "MultiSlider" */;
			productName = MultiSlider;
		};
/* End XCSwiftPackageProductDependency section */
	};
	rootObject = 1870FAC82918B5A000BCC159 /* Project object */;
}
