// !$*UTF8*$!
{
	archiveVersion = 1;
	classes = {
	};
	objectVersion = 56;
	objects = {

/* Begin PBXBuildFile section */
		1870FAD42918B5A000BCC159 /* AppDelegate.swift in Sources */ = {isa = PBXBuildFile; fileRef = 1870FAD32918B5A000BCC159 /* AppDelegate.swift */; };
		1870FAD62918B5A000BCC159 /* SceneDelegate.swift in Sources */ = {isa = PBXBuildFile; fileRef = 1870FAD52918B5A000BCC159 /* SceneDelegate.swift */; };
		1870FADD2918B5A300BCC159 /* Assets.xcassets in Resources */ = {isa = PBXBuildFile; fileRef = 1870FADC2918B5A300BCC159 /* Assets.xcassets */; };
		1870FAE02918B5A300BCC159 /* LaunchScreen.storyboard in Resources */ = {isa = PBXBuildFile; fileRef = 1870FADE2918B5A300BCC159 /* LaunchScreen.storyboard */; };
		1870FAE82918B5D500BCC159 /* .gitignore in Resources */ = {isa = PBXBuildFile; fileRef = 1870FAE72918B5D500BCC159 /* .gitignore */; };
		1870FAED2918FB5F00BCC159 /* Color.swift in Sources */ = {isa = PBXBuildFile; fileRef = 1870FAEC2918FB5F00BCC159 /* Color.swift */; };
		1870FAF12918FCB200BCC159 /* UserDefaultsHelper.swift in Sources */ = {isa = PBXBuildFile; fileRef = 1870FAF02918FCB200BCC159 /* UserDefaultsHelper.swift */; };
		1870FAFF2919265900BCC159 /* FirstPageViewController.swift in Sources */ = {isa = PBXBuildFile; fileRef = 1870FAFE2919265900BCC159 /* FirstPageViewController.swift */; };
		1870FB012919266600BCC159 /* SecondPageViewController.swift in Sources */ = {isa = PBXBuildFile; fileRef = 1870FB002919266600BCC159 /* SecondPageViewController.swift */; };
		1870FB032919267000BCC159 /* ThirdPageViewController.swift in Sources */ = {isa = PBXBuildFile; fileRef = 1870FB022919267000BCC159 /* ThirdPageViewController.swift */; };
		1870FB06291926A100BCC159 /* BaseView.swift in Sources */ = {isa = PBXBuildFile; fileRef = 1870FB05291926A100BCC159 /* BaseView.swift */; };
		1870FB08291926A800BCC159 /* BaseViewController.swift in Sources */ = {isa = PBXBuildFile; fileRef = 1870FB07291926A800BCC159 /* BaseViewController.swift */; };
		1870FB0B291926F900BCC159 /* SnapKit in Frameworks */ = {isa = PBXBuildFile; productRef = 1870FB0A291926F900BCC159 /* SnapKit */; };
		1870FB1129197D9D00BCC159 /* TabBarController.swift in Sources */ = {isa = PBXBuildFile; fileRef = 1870FB1029197D9D00BCC159 /* TabBarController.swift */; };
		1870FB132919838000BCC159 /* OnboardingViewController.swift in Sources */ = {isa = PBXBuildFile; fileRef = 1870FB122919838000BCC159 /* OnboardingViewController.swift */; };
		1870FB1629198B2400BCC159 /* OnboardingView.swift in Sources */ = {isa = PBXBuildFile; fileRef = 1870FB1529198B2400BCC159 /* OnboardingView.swift */; };
		1870FB192919BAC000BCC159 /* UILabel+Extension.swift in Sources */ = {isa = PBXBuildFile; fileRef = 1870FB182919BAC000BCC159 /* UILabel+Extension.swift */; };
		1870FB1D2919BCC700BCC159 /* NotoSansKR-Regular.otf in Resources */ = {isa = PBXBuildFile; fileRef = 1870FB1B2919BCC600BCC159 /* NotoSansKR-Regular.otf */; };
		1870FB1E2919BCC700BCC159 /* NotoSansKR-Medium.otf in Resources */ = {isa = PBXBuildFile; fileRef = 1870FB1C2919BCC700BCC159 /* NotoSansKR-Medium.otf */; };
		1870FB2B291A4D4C00BCC159 /* AuthenticationView.swift in Sources */ = {isa = PBXBuildFile; fileRef = 1870FB2A291A4D4C00BCC159 /* AuthenticationView.swift */; };
		1870FB2E291A505E00BCC159 /* Toast in Frameworks */ = {isa = PBXBuildFile; productRef = 1870FB2D291A505E00BCC159 /* Toast */; };
		1870FB31291A518000BCC159 /* RxCocoa in Frameworks */ = {isa = PBXBuildFile; productRef = 1870FB30291A518000BCC159 /* RxCocoa */; };
		1870FB33291A518000BCC159 /* RxSwift in Frameworks */ = {isa = PBXBuildFile; productRef = 1870FB32291A518000BCC159 /* RxSwift */; };
		1870FB37291A52CC00BCC159 /* CustomSignButton.swift in Sources */ = {isa = PBXBuildFile; fileRef = 1870FB36291A52CC00BCC159 /* CustomSignButton.swift */; };
		1870FB39291A53BE00BCC159 /* CustomSignLabel.swift in Sources */ = {isa = PBXBuildFile; fileRef = 1870FB38291A53BE00BCC159 /* CustomSignLabel.swift */; };
		1870FB3C291A54DD00BCC159 /* AuthenticationViewController.swift in Sources */ = {isa = PBXBuildFile; fileRef = 1870FB3B291A54DD00BCC159 /* AuthenticationViewController.swift */; };
		1870FB3F291A557000BCC159 /* CustomSignTextField.swift in Sources */ = {isa = PBXBuildFile; fileRef = 1870FB3E291A557000BCC159 /* CustomSignTextField.swift */; };
		1870FB41291A5B8900BCC159 /* AuthenticationViewModel.swift in Sources */ = {isa = PBXBuildFile; fileRef = 1870FB40291A5B8900BCC159 /* AuthenticationViewModel.swift */; };
		1870FB48291AFACF00BCC159 /* String+Extension.swift in Sources */ = {isa = PBXBuildFile; fileRef = 1870FB47291AFACF00BCC159 /* String+Extension.swift */; };
		1870FB4B291B2A8E00BCC159 /* CheckCodeView.swift in Sources */ = {isa = PBXBuildFile; fileRef = 1870FB4A291B2A8E00BCC159 /* CheckCodeView.swift */; };
		1870FB4D291B2AA300BCC159 /* CheckCodeViewModel.swift in Sources */ = {isa = PBXBuildFile; fileRef = 1870FB4C291B2AA300BCC159 /* CheckCodeViewModel.swift */; };
		1870FB4F291B2ABD00BCC159 /* CheckCodeViewController.swift in Sources */ = {isa = PBXBuildFile; fileRef = 1870FB4E291B2ABD00BCC159 /* CheckCodeViewController.swift */; };
		1870FB51291B3F5000BCC159 /* GoogleService-Info.plist in Resources */ = {isa = PBXBuildFile; fileRef = 1870FB50291B3F5000BCC159 /* GoogleService-Info.plist */; };
		1870FB56291B698D00BCC159 /* NicknameCheckView.swift in Sources */ = {isa = PBXBuildFile; fileRef = 1870FB55291B698D00BCC159 /* NicknameCheckView.swift */; };
		1870FB58291B699B00BCC159 /* NicknameViewModel.swift in Sources */ = {isa = PBXBuildFile; fileRef = 1870FB57291B699B00BCC159 /* NicknameViewModel.swift */; };
		1870FB5A291B69A800BCC159 /* NicknameViewController.swift in Sources */ = {isa = PBXBuildFile; fileRef = 1870FB59291B69A800BCC159 /* NicknameViewController.swift */; };
		1870FB5D291B7D6E00BCC159 /* Alamofire in Frameworks */ = {isa = PBXBuildFile; productRef = 1870FB5C291B7D6E00BCC159 /* Alamofire */; };
		1870FB61291B8F4600BCC159 /* FirebaseAnalyticsSwift in Frameworks */ = {isa = PBXBuildFile; productRef = 1870FB60291B8F4600BCC159 /* FirebaseAnalyticsSwift */; };
		1870FB63291B8F4600BCC159 /* FirebaseAuth in Frameworks */ = {isa = PBXBuildFile; productRef = 1870FB62291B8F4600BCC159 /* FirebaseAuth */; };
		1870FB65291B8F4600BCC159 /* FirebaseCrashlytics in Frameworks */ = {isa = PBXBuildFile; productRef = 1870FB64291B8F4600BCC159 /* FirebaseCrashlytics */; };
		1870FB67291B8F4600BCC159 /* FirebaseMessaging in Frameworks */ = {isa = PBXBuildFile; productRef = 1870FB66291B8F4600BCC159 /* FirebaseMessaging */; };
		1870FB6A291C36BA00BCC159 /* AuthenticationManager.swift in Sources */ = {isa = PBXBuildFile; fileRef = 1870FB69291C36BA00BCC159 /* AuthenticationManager.swift */; };
/* End PBXBuildFile section */

/* Begin PBXFileReference section */
		1870FAD02918B5A000BCC159 /* SeSAC2SLP.app */ = {isa = PBXFileReference; explicitFileType = wrapper.application; includeInIndex = 0; path = SeSAC2SLP.app; sourceTree = BUILT_PRODUCTS_DIR; };
		1870FAD32918B5A000BCC159 /* AppDelegate.swift */ = {isa = PBXFileReference; lastKnownFileType = sourcecode.swift; path = AppDelegate.swift; sourceTree = "<group>"; };
		1870FAD52918B5A000BCC159 /* SceneDelegate.swift */ = {isa = PBXFileReference; lastKnownFileType = sourcecode.swift; path = SceneDelegate.swift; sourceTree = "<group>"; };
		1870FADC2918B5A300BCC159 /* Assets.xcassets */ = {isa = PBXFileReference; lastKnownFileType = folder.assetcatalog; path = Assets.xcassets; sourceTree = "<group>"; };
		1870FADF2918B5A300BCC159 /* Base */ = {isa = PBXFileReference; lastKnownFileType = file.storyboard; name = Base; path = Base.lproj/LaunchScreen.storyboard; sourceTree = "<group>"; };
		1870FAE12918B5A300BCC159 /* Info.plist */ = {isa = PBXFileReference; lastKnownFileType = text.plist.xml; path = Info.plist; sourceTree = "<group>"; };
		1870FAE72918B5D500BCC159 /* .gitignore */ = {isa = PBXFileReference; lastKnownFileType = text; path = .gitignore; sourceTree = "<group>"; };
		1870FAEC2918FB5F00BCC159 /* Color.swift */ = {isa = PBXFileReference; lastKnownFileType = sourcecode.swift; path = Color.swift; sourceTree = "<group>"; };
		1870FAF02918FCB200BCC159 /* UserDefaultsHelper.swift */ = {isa = PBXFileReference; lastKnownFileType = sourcecode.swift; path = UserDefaultsHelper.swift; sourceTree = "<group>"; };
		1870FAFE2919265900BCC159 /* FirstPageViewController.swift */ = {isa = PBXFileReference; lastKnownFileType = sourcecode.swift; path = FirstPageViewController.swift; sourceTree = "<group>"; };
		1870FB002919266600BCC159 /* SecondPageViewController.swift */ = {isa = PBXFileReference; lastKnownFileType = sourcecode.swift; path = SecondPageViewController.swift; sourceTree = "<group>"; };
		1870FB022919267000BCC159 /* ThirdPageViewController.swift */ = {isa = PBXFileReference; lastKnownFileType = sourcecode.swift; path = ThirdPageViewController.swift; sourceTree = "<group>"; };
		1870FB05291926A100BCC159 /* BaseView.swift */ = {isa = PBXFileReference; lastKnownFileType = sourcecode.swift; path = BaseView.swift; sourceTree = "<group>"; };
		1870FB07291926A800BCC159 /* BaseViewController.swift */ = {isa = PBXFileReference; lastKnownFileType = sourcecode.swift; path = BaseViewController.swift; sourceTree = "<group>"; };
		1870FB1029197D9D00BCC159 /* TabBarController.swift */ = {isa = PBXFileReference; lastKnownFileType = sourcecode.swift; path = TabBarController.swift; sourceTree = "<group>"; };
		1870FB122919838000BCC159 /* OnboardingViewController.swift */ = {isa = PBXFileReference; lastKnownFileType = sourcecode.swift; path = OnboardingViewController.swift; sourceTree = "<group>"; };
		1870FB1529198B2400BCC159 /* OnboardingView.swift */ = {isa = PBXFileReference; lastKnownFileType = sourcecode.swift; path = OnboardingView.swift; sourceTree = "<group>"; };
		1870FB182919BAC000BCC159 /* UILabel+Extension.swift */ = {isa = PBXFileReference; lastKnownFileType = sourcecode.swift; path = "UILabel+Extension.swift"; sourceTree = "<group>"; };
		1870FB1B2919BCC600BCC159 /* NotoSansKR-Regular.otf */ = {isa = PBXFileReference; lastKnownFileType = file; path = "NotoSansKR-Regular.otf"; sourceTree = "<group>"; };
		1870FB1C2919BCC700BCC159 /* NotoSansKR-Medium.otf */ = {isa = PBXFileReference; lastKnownFileType = file; path = "NotoSansKR-Medium.otf"; sourceTree = "<group>"; };
		1870FB28291A492700BCC159 /* SeSAC2SLPDebug.entitlements */ = {isa = PBXFileReference; lastKnownFileType = text.plist.entitlements; path = SeSAC2SLPDebug.entitlements; sourceTree = "<group>"; };
		1870FB2A291A4D4C00BCC159 /* AuthenticationView.swift */ = {isa = PBXFileReference; lastKnownFileType = sourcecode.swift; path = AuthenticationView.swift; sourceTree = "<group>"; };
		1870FB36291A52CC00BCC159 /* CustomSignButton.swift */ = {isa = PBXFileReference; lastKnownFileType = sourcecode.swift; path = CustomSignButton.swift; sourceTree = "<group>"; };
		1870FB38291A53BE00BCC159 /* CustomSignLabel.swift */ = {isa = PBXFileReference; lastKnownFileType = sourcecode.swift; path = CustomSignLabel.swift; sourceTree = "<group>"; };
		1870FB3B291A54DD00BCC159 /* AuthenticationViewController.swift */ = {isa = PBXFileReference; lastKnownFileType = sourcecode.swift; path = AuthenticationViewController.swift; sourceTree = "<group>"; };
		1870FB3E291A557000BCC159 /* CustomSignTextField.swift */ = {isa = PBXFileReference; lastKnownFileType = sourcecode.swift; path = CustomSignTextField.swift; sourceTree = "<group>"; };
		1870FB40291A5B8900BCC159 /* AuthenticationViewModel.swift */ = {isa = PBXFileReference; lastKnownFileType = sourcecode.swift; path = AuthenticationViewModel.swift; sourceTree = "<group>"; };
		1870FB47291AFACF00BCC159 /* String+Extension.swift */ = {isa = PBXFileReference; lastKnownFileType = sourcecode.swift; path = "String+Extension.swift"; sourceTree = "<group>"; };
		1870FB4A291B2A8E00BCC159 /* CheckCodeView.swift */ = {isa = PBXFileReference; lastKnownFileType = sourcecode.swift; path = CheckCodeView.swift; sourceTree = "<group>"; };
		1870FB4C291B2AA300BCC159 /* CheckCodeViewModel.swift */ = {isa = PBXFileReference; lastKnownFileType = sourcecode.swift; path = CheckCodeViewModel.swift; sourceTree = "<group>"; };
		1870FB4E291B2ABD00BCC159 /* CheckCodeViewController.swift */ = {isa = PBXFileReference; lastKnownFileType = sourcecode.swift; path = CheckCodeViewController.swift; sourceTree = "<group>"; };
		1870FB50291B3F5000BCC159 /* GoogleService-Info.plist */ = {isa = PBXFileReference; fileEncoding = 4; lastKnownFileType = text.plist.xml; path = "GoogleService-Info.plist"; sourceTree = "<group>"; };
		1870FB55291B698D00BCC159 /* NicknameCheckView.swift */ = {isa = PBXFileReference; lastKnownFileType = sourcecode.swift; path = NicknameCheckView.swift; sourceTree = "<group>"; };
		1870FB57291B699B00BCC159 /* NicknameViewModel.swift */ = {isa = PBXFileReference; lastKnownFileType = sourcecode.swift; path = NicknameViewModel.swift; sourceTree = "<group>"; };
		1870FB59291B69A800BCC159 /* NicknameViewController.swift */ = {isa = PBXFileReference; lastKnownFileType = sourcecode.swift; path = NicknameViewController.swift; sourceTree = "<group>"; };
		1870FB69291C36BA00BCC159 /* AuthenticationManager.swift */ = {isa = PBXFileReference; lastKnownFileType = sourcecode.swift; path = AuthenticationManager.swift; sourceTree = "<group>"; };
/* End PBXFileReference section */

/* Begin PBXFrameworksBuildPhase section */
		1870FACD2918B5A000BCC159 /* Frameworks */ = {
			isa = PBXFrameworksBuildPhase;
			buildActionMask = 2147483647;
			files = (
				1870FB67291B8F4600BCC159 /* FirebaseMessaging in Frameworks */,
				1870FB61291B8F4600BCC159 /* FirebaseAnalyticsSwift in Frameworks */,
				1870FB2E291A505E00BCC159 /* Toast in Frameworks */,
				1870FB0B291926F900BCC159 /* SnapKit in Frameworks */,
				1870FB33291A518000BCC159 /* RxSwift in Frameworks */,
				1870FB5D291B7D6E00BCC159 /* Alamofire in Frameworks */,
				1870FB65291B8F4600BCC159 /* FirebaseCrashlytics in Frameworks */,
				1870FB63291B8F4600BCC159 /* FirebaseAuth in Frameworks */,
				1870FB31291A518000BCC159 /* RxCocoa in Frameworks */,
			);
			runOnlyForDeploymentPostprocessing = 0;
		};
/* End PBXFrameworksBuildPhase section */

/* Begin PBXGroup section */
		1870FAC72918B5A000BCC159 = {
			isa = PBXGroup;
			children = (
				1870FAE72918B5D500BCC159 /* .gitignore */,
				1870FAD22918B5A000BCC159 /* SeSAC2SLP */,
				1870FAD12918B5A000BCC159 /* Products */,
			);
			sourceTree = "<group>";
		};
		1870FAD12918B5A000BCC159 /* Products */ = {
			isa = PBXGroup;
			children = (
				1870FAD02918B5A000BCC159 /* SeSAC2SLP.app */,
			);
			name = Products;
			sourceTree = "<group>";
		};
		1870FAD22918B5A000BCC159 /* SeSAC2SLP */ = {
			isa = PBXGroup;
			children = (
				1870FB28291A492700BCC159 /* SeSAC2SLPDebug.entitlements */,
				1870FB5E291B7DA900BCC159 /* Network */,
				1870FB172919BAB200BCC159 /* Extension */,
				1870FAD32918B5A000BCC159 /* AppDelegate.swift */,
				1870FAD52918B5A000BCC159 /* SceneDelegate.swift */,
				1870FAEA2918F7EB00BCC159 /* Constant */,
				1870FAE92918F7DA00BCC159 /* Scene */,
				1870FADC2918B5A300BCC159 /* Assets.xcassets */,
				1870FADE2918B5A300BCC159 /* LaunchScreen.storyboard */,
				1870FAE12918B5A300BCC159 /* Info.plist */,
				1870FB50291B3F5000BCC159 /* GoogleService-Info.plist */,
			);
			path = SeSAC2SLP;
			sourceTree = "<group>";
		};
		1870FAE92918F7DA00BCC159 /* Scene */ = {
			isa = PBXGroup;
			children = (
				1870FB0F29197D9200BCC159 /* TabBar */,
				1870FAF52919000200BCC159 /* Main */,
				1870FAF42918FFF900BCC159 /* Sign */,
				1870FAF32918FFEB00BCC159 /* Onboarding */,
			);
			path = Scene;
			sourceTree = "<group>";
		};
		1870FAEA2918F7EB00BCC159 /* Constant */ = {
			isa = PBXGroup;
			children = (
				1870FB3D291A555C00BCC159 /* UITextField */,
				1870FB35291A52A700BCC159 /* UIButton */,
				1870FB34291A52A300BCC159 /* UILabel */,
				1870FB1A2919BCAF00BCC159 /* Font */,
				1870FB042919269A00BCC159 /* Base */,
				1870FAF02918FCB200BCC159 /* UserDefaultsHelper.swift */,
				1870FAEB2918F7FF00BCC159 /* Color */,
			);
			path = Constant;
			sourceTree = "<group>";
		};
		1870FAEB2918F7FF00BCC159 /* Color */ = {
			isa = PBXGroup;
			children = (
				1870FAEC2918FB5F00BCC159 /* Color.swift */,
			);
			path = Color;
			sourceTree = "<group>";
		};
		1870FAF32918FFEB00BCC159 /* Onboarding */ = {
			isa = PBXGroup;
			children = (
				1870FAFB2919262200BCC159 /* OnboardingPage */,
				1870FB1529198B2400BCC159 /* OnboardingView.swift */,
				1870FB122919838000BCC159 /* OnboardingViewController.swift */,
			);
			path = Onboarding;
			sourceTree = "<group>";
		};
		1870FAF42918FFF900BCC159 /* Sign */ = {
			isa = PBXGroup;
			children = (
				1870FB53291B693E00BCC159 /* SignUp */,
				1870FB29291A4D0000BCC159 /* Authentication */,
			);
			path = Sign;
			sourceTree = "<group>";
		};
		1870FAF52919000200BCC159 /* Main */ = {
			isa = PBXGroup;
			children = (
			);
			path = Main;
			sourceTree = "<group>";
		};
		1870FAFB2919262200BCC159 /* OnboardingPage */ = {
			isa = PBXGroup;
			children = (
				1870FAFE2919265900BCC159 /* FirstPageViewController.swift */,
				1870FB002919266600BCC159 /* SecondPageViewController.swift */,
				1870FB022919267000BCC159 /* ThirdPageViewController.swift */,
			);
			path = OnboardingPage;
			sourceTree = "<group>";
		};
		1870FB042919269A00BCC159 /* Base */ = {
			isa = PBXGroup;
			children = (
				1870FB05291926A100BCC159 /* BaseView.swift */,
				1870FB07291926A800BCC159 /* BaseViewController.swift */,
			);
			path = Base;
			sourceTree = "<group>";
		};
		1870FB0F29197D9200BCC159 /* TabBar */ = {
			isa = PBXGroup;
			children = (
				1870FB1029197D9D00BCC159 /* TabBarController.swift */,
			);
			path = TabBar;
			sourceTree = "<group>";
		};
		1870FB172919BAB200BCC159 /* Extension */ = {
			isa = PBXGroup;
			children = (
				1870FB182919BAC000BCC159 /* UILabel+Extension.swift */,
				1870FB47291AFACF00BCC159 /* String+Extension.swift */,
			);
			path = Extension;
			sourceTree = "<group>";
		};
		1870FB1A2919BCAF00BCC159 /* Font */ = {
			isa = PBXGroup;
			children = (
				1870FB1C2919BCC700BCC159 /* NotoSansKR-Medium.otf */,
				1870FB1B2919BCC600BCC159 /* NotoSansKR-Regular.otf */,
			);
			path = Font;
			sourceTree = "<group>";
		};
		1870FB29291A4D0000BCC159 /* Authentication */ = {
			isa = PBXGroup;
			children = (
				1870FB2A291A4D4C00BCC159 /* AuthenticationView.swift */,
				1870FB3B291A54DD00BCC159 /* AuthenticationViewController.swift */,
				1870FB40291A5B8900BCC159 /* AuthenticationViewModel.swift */,
				1870FB4A291B2A8E00BCC159 /* CheckCodeView.swift */,
				1870FB4E291B2ABD00BCC159 /* CheckCodeViewController.swift */,
				1870FB4C291B2AA300BCC159 /* CheckCodeViewModel.swift */,
			);
			path = Authentication;
			sourceTree = "<group>";
		};
		1870FB34291A52A300BCC159 /* UILabel */ = {
			isa = PBXGroup;
			children = (
				1870FB38291A53BE00BCC159 /* CustomSignLabel.swift */,
			);
			path = UILabel;
			sourceTree = "<group>";
		};
		1870FB35291A52A700BCC159 /* UIButton */ = {
			isa = PBXGroup;
			children = (
				1870FB36291A52CC00BCC159 /* CustomSignButton.swift */,
			);
			path = UIButton;
			sourceTree = "<group>";
		};
		1870FB3D291A555C00BCC159 /* UITextField */ = {
			isa = PBXGroup;
			children = (
				1870FB3E291A557000BCC159 /* CustomSignTextField.swift */,
			);
			path = UITextField;
			sourceTree = "<group>";
		};
		1870FB53291B693E00BCC159 /* SignUp */ = {
			isa = PBXGroup;
			children = (
				1870FB55291B698D00BCC159 /* NicknameCheckView.swift */,
				1870FB57291B699B00BCC159 /* NicknameViewModel.swift */,
				1870FB59291B69A800BCC159 /* NicknameViewController.swift */,
			);
			path = SignUp;
			sourceTree = "<group>";
		};
		1870FB5E291B7DA900BCC159 /* Network */ = {
			isa = PBXGroup;
			children = (
				1870FB69291C36BA00BCC159 /* AuthenticationManager.swift */,
			);
			path = Network;
			sourceTree = "<group>";
		};
/* End PBXGroup section */

/* Begin PBXNativeTarget section */
		1870FACF2918B5A000BCC159 /* SeSAC2SLP */ = {
			isa = PBXNativeTarget;
			buildConfigurationList = 1870FAE42918B5A300BCC159 /* Build configuration list for PBXNativeTarget "SeSAC2SLP" */;
			buildPhases = (
				1870FACC2918B5A000BCC159 /* Sources */,
				1870FACD2918B5A000BCC159 /* Frameworks */,
				1870FACE2918B5A000BCC159 /* Resources */,
			);
			buildRules = (
			);
			dependencies = (
			);
			name = SeSAC2SLP;
			packageProductDependencies = (
				1870FB0A291926F900BCC159 /* SnapKit */,
				1870FB2D291A505E00BCC159 /* Toast */,
				1870FB30291A518000BCC159 /* RxCocoa */,
				1870FB32291A518000BCC159 /* RxSwift */,
				1870FB5C291B7D6E00BCC159 /* Alamofire */,
				1870FB60291B8F4600BCC159 /* FirebaseAnalyticsSwift */,
				1870FB62291B8F4600BCC159 /* FirebaseAuth */,
				1870FB64291B8F4600BCC159 /* FirebaseCrashlytics */,
				1870FB66291B8F4600BCC159 /* FirebaseMessaging */,
			);
			productName = SeSAC2SLP;
			productReference = 1870FAD02918B5A000BCC159 /* SeSAC2SLP.app */;
			productType = "com.apple.product-type.application";
		};
/* End PBXNativeTarget section */

/* Begin PBXProject section */
		1870FAC82918B5A000BCC159 /* Project object */ = {
			isa = PBXProject;
			attributes = {
				BuildIndependentTargetsInParallel = 1;
				LastSwiftUpdateCheck = 1410;
				LastUpgradeCheck = 1410;
				TargetAttributes = {
					1870FACF2918B5A000BCC159 = {
						CreatedOnToolsVersion = 14.1;
					};
				};
			};
			buildConfigurationList = 1870FACB2918B5A000BCC159 /* Build configuration list for PBXProject "SeSAC2SLP" */;
			compatibilityVersion = "Xcode 14.0";
			developmentRegion = en;
			hasScannedForEncodings = 0;
			knownRegions = (
				en,
				Base,
			);
			mainGroup = 1870FAC72918B5A000BCC159;
			packageReferences = (
				1870FB09291926F900BCC159 /* XCRemoteSwiftPackageReference "SnapKit" */,
				1870FB2C291A505E00BCC159 /* XCRemoteSwiftPackageReference "Toast-Swift" */,
				1870FB2F291A517F00BCC159 /* XCRemoteSwiftPackageReference "RxSwift" */,
				1870FB5B291B7D6D00BCC159 /* XCRemoteSwiftPackageReference "Alamofire" */,
				1870FB5F291B8F4600BCC159 /* XCRemoteSwiftPackageReference "firebase-ios-sdk" */,
			);
			productRefGroup = 1870FAD12918B5A000BCC159 /* Products */;
			projectDirPath = "";
			projectRoot = "";
			targets = (
				1870FACF2918B5A000BCC159 /* SeSAC2SLP */,
			);
		};
/* End PBXProject section */

/* Begin PBXResourcesBuildPhase section */
		1870FACE2918B5A000BCC159 /* Resources */ = {
			isa = PBXResourcesBuildPhase;
			buildActionMask = 2147483647;
			files = (
				1870FAE82918B5D500BCC159 /* .gitignore in Resources */,
				1870FAE02918B5A300BCC159 /* LaunchScreen.storyboard in Resources */,
				1870FB1E2919BCC700BCC159 /* NotoSansKR-Medium.otf in Resources */,
				1870FB1D2919BCC700BCC159 /* NotoSansKR-Regular.otf in Resources */,
				1870FADD2918B5A300BCC159 /* Assets.xcassets in Resources */,
				1870FB51291B3F5000BCC159 /* GoogleService-Info.plist in Resources */,
			);
			runOnlyForDeploymentPostprocessing = 0;
		};
/* End PBXResourcesBuildPhase section */

/* Begin PBXSourcesBuildPhase section */
		1870FACC2918B5A000BCC159 /* Sources */ = {
			isa = PBXSourcesBuildPhase;
			buildActionMask = 2147483647;
			files = (
				1870FB41291A5B8900BCC159 /* AuthenticationViewModel.swift in Sources */,
				1870FB032919267000BCC159 /* ThirdPageViewController.swift in Sources */,
				1870FB58291B699B00BCC159 /* NicknameViewModel.swift in Sources */,
				1870FB3F291A557000BCC159 /* CustomSignTextField.swift in Sources */,
				1870FB08291926A800BCC159 /* BaseViewController.swift in Sources */,
				1870FB1129197D9D00BCC159 /* TabBarController.swift in Sources */,
				1870FB012919266600BCC159 /* SecondPageViewController.swift in Sources */,
				1870FB6A291C36BA00BCC159 /* AuthenticationManager.swift in Sources */,
				1870FB56291B698D00BCC159 /* NicknameCheckView.swift in Sources */,
				1870FB5A291B69A800BCC159 /* NicknameViewController.swift in Sources */,
				1870FAF12918FCB200BCC159 /* UserDefaultsHelper.swift in Sources */,
				1870FAED2918FB5F00BCC159 /* Color.swift in Sources */,
				1870FB48291AFACF00BCC159 /* String+Extension.swift in Sources */,
				1870FB4D291B2AA300BCC159 /* CheckCodeViewModel.swift in Sources */,
				1870FB37291A52CC00BCC159 /* CustomSignButton.swift in Sources */,
				1870FB132919838000BCC159 /* OnboardingViewController.swift in Sources */,
				1870FAFF2919265900BCC159 /* FirstPageViewController.swift in Sources */,
				1870FB4B291B2A8E00BCC159 /* CheckCodeView.swift in Sources */,
				1870FB06291926A100BCC159 /* BaseView.swift in Sources */,
				1870FB4F291B2ABD00BCC159 /* CheckCodeViewController.swift in Sources */,
				1870FAD42918B5A000BCC159 /* AppDelegate.swift in Sources */,
				1870FB2B291A4D4C00BCC159 /* AuthenticationView.swift in Sources */,
				1870FB39291A53BE00BCC159 /* CustomSignLabel.swift in Sources */,
				1870FB1629198B2400BCC159 /* OnboardingView.swift in Sources */,
				1870FB192919BAC000BCC159 /* UILabel+Extension.swift in Sources */,
				1870FB3C291A54DD00BCC159 /* AuthenticationViewController.swift in Sources */,
				1870FAD62918B5A000BCC159 /* SceneDelegate.swift in Sources */,
			);
			runOnlyForDeploymentPostprocessing = 0;
		};
/* End PBXSourcesBuildPhase section */

/* Begin PBXVariantGroup section */
		1870FADE2918B5A300BCC159 /* LaunchScreen.storyboard */ = {
			isa = PBXVariantGroup;
			children = (
				1870FADF2918B5A300BCC159 /* Base */,
			);
			name = LaunchScreen.storyboard;
			sourceTree = "<group>";
		};
/* End PBXVariantGroup section */

/* Begin XCBuildConfiguration section */
		1870FAE22918B5A300BCC159 /* Debug */ = {
			isa = XCBuildConfiguration;
			buildSettings = {
				ALWAYS_SEARCH_USER_PATHS = NO;
				CLANG_ANALYZER_NONNULL = YES;
				CLANG_ANALYZER_NUMBER_OBJECT_CONVERSION = YES_AGGRESSIVE;
				CLANG_CXX_LANGUAGE_STANDARD = "gnu++20";
				CLANG_ENABLE_MODULES = YES;
				CLANG_ENABLE_OBJC_ARC = YES;
				CLANG_ENABLE_OBJC_WEAK = YES;
				CLANG_WARN_BLOCK_CAPTURE_AUTORELEASING = YES;
				CLANG_WARN_BOOL_CONVERSION = YES;
				CLANG_WARN_COMMA = YES;
				CLANG_WARN_CONSTANT_CONVERSION = YES;
				CLANG_WARN_DEPRECATED_OBJC_IMPLEMENTATIONS = YES;
				CLANG_WARN_DIRECT_OBJC_ISA_USAGE = YES_ERROR;
				CLANG_WARN_DOCUMENTATION_COMMENTS = YES;
				CLANG_WARN_EMPTY_BODY = YES;
				CLANG_WARN_ENUM_CONVERSION = YES;
				CLANG_WARN_INFINITE_RECURSION = YES;
				CLANG_WARN_INT_CONVERSION = YES;
				CLANG_WARN_NON_LITERAL_NULL_CONVERSION = YES;
				CLANG_WARN_OBJC_IMPLICIT_RETAIN_SELF = YES;
				CLANG_WARN_OBJC_LITERAL_CONVERSION = YES;
				CLANG_WARN_OBJC_ROOT_CLASS = YES_ERROR;
				CLANG_WARN_QUOTED_INCLUDE_IN_FRAMEWORK_HEADER = YES;
				CLANG_WARN_RANGE_LOOP_ANALYSIS = YES;
				CLANG_WARN_STRICT_PROTOTYPES = YES;
				CLANG_WARN_SUSPICIOUS_MOVE = YES;
				CLANG_WARN_UNGUARDED_AVAILABILITY = YES_AGGRESSIVE;
				CLANG_WARN_UNREACHABLE_CODE = YES;
				CLANG_WARN__DUPLICATE_METHOD_MATCH = YES;
				COPY_PHASE_STRIP = NO;
				DEBUG_INFORMATION_FORMAT = dwarf;
				ENABLE_STRICT_OBJC_MSGSEND = YES;
				ENABLE_TESTABILITY = YES;
				GCC_C_LANGUAGE_STANDARD = gnu11;
				GCC_DYNAMIC_NO_PIC = NO;
				GCC_NO_COMMON_BLOCKS = YES;
				GCC_OPTIMIZATION_LEVEL = 0;
				GCC_PREPROCESSOR_DEFINITIONS = (
					"DEBUG=1",
					"$(inherited)",
				);
				GCC_WARN_64_TO_32_BIT_CONVERSION = YES;
				GCC_WARN_ABOUT_RETURN_TYPE = YES_ERROR;
				GCC_WARN_UNDECLARED_SELECTOR = YES;
				GCC_WARN_UNINITIALIZED_AUTOS = YES_AGGRESSIVE;
				GCC_WARN_UNUSED_FUNCTION = YES;
				GCC_WARN_UNUSED_VARIABLE = YES;
				IPHONEOS_DEPLOYMENT_TARGET = 15.0;
				MTL_ENABLE_DEBUG_INFO = INCLUDE_SOURCE;
				MTL_FAST_MATH = YES;
				ONLY_ACTIVE_ARCH = YES;
				SDKROOT = iphoneos;
				SWIFT_ACTIVE_COMPILATION_CONDITIONS = DEBUG;
				SWIFT_OPTIMIZATION_LEVEL = "-Onone";
			};
			name = Debug;
		};
		1870FAE32918B5A300BCC159 /* Release */ = {
			isa = XCBuildConfiguration;
			buildSettings = {
				ALWAYS_SEARCH_USER_PATHS = NO;
				CLANG_ANALYZER_NONNULL = YES;
				CLANG_ANALYZER_NUMBER_OBJECT_CONVERSION = YES_AGGRESSIVE;
				CLANG_CXX_LANGUAGE_STANDARD = "gnu++20";
				CLANG_ENABLE_MODULES = YES;
				CLANG_ENABLE_OBJC_ARC = YES;
				CLANG_ENABLE_OBJC_WEAK = YES;
				CLANG_WARN_BLOCK_CAPTURE_AUTORELEASING = YES;
				CLANG_WARN_BOOL_CONVERSION = YES;
				CLANG_WARN_COMMA = YES;
				CLANG_WARN_CONSTANT_CONVERSION = YES;
				CLANG_WARN_DEPRECATED_OBJC_IMPLEMENTATIONS = YES;
				CLANG_WARN_DIRECT_OBJC_ISA_USAGE = YES_ERROR;
				CLANG_WARN_DOCUMENTATION_COMMENTS = YES;
				CLANG_WARN_EMPTY_BODY = YES;
				CLANG_WARN_ENUM_CONVERSION = YES;
				CLANG_WARN_INFINITE_RECURSION = YES;
				CLANG_WARN_INT_CONVERSION = YES;
				CLANG_WARN_NON_LITERAL_NULL_CONVERSION = YES;
				CLANG_WARN_OBJC_IMPLICIT_RETAIN_SELF = YES;
				CLANG_WARN_OBJC_LITERAL_CONVERSION = YES;
				CLANG_WARN_OBJC_ROOT_CLASS = YES_ERROR;
				CLANG_WARN_QUOTED_INCLUDE_IN_FRAMEWORK_HEADER = YES;
				CLANG_WARN_RANGE_LOOP_ANALYSIS = YES;
				CLANG_WARN_STRICT_PROTOTYPES = YES;
				CLANG_WARN_SUSPICIOUS_MOVE = YES;
				CLANG_WARN_UNGUARDED_AVAILABILITY = YES_AGGRESSIVE;
				CLANG_WARN_UNREACHABLE_CODE = YES;
				CLANG_WARN__DUPLICATE_METHOD_MATCH = YES;
				COPY_PHASE_STRIP = NO;
				DEBUG_INFORMATION_FORMAT = "dwarf-with-dsym";
				ENABLE_NS_ASSERTIONS = NO;
				ENABLE_STRICT_OBJC_MSGSEND = YES;
				GCC_C_LANGUAGE_STANDARD = gnu11;
				GCC_NO_COMMON_BLOCKS = YES;
				GCC_WARN_64_TO_32_BIT_CONVERSION = YES;
				GCC_WARN_ABOUT_RETURN_TYPE = YES_ERROR;
				GCC_WARN_UNDECLARED_SELECTOR = YES;
				GCC_WARN_UNINITIALIZED_AUTOS = YES_AGGRESSIVE;
				GCC_WARN_UNUSED_FUNCTION = YES;
				GCC_WARN_UNUSED_VARIABLE = YES;
				IPHONEOS_DEPLOYMENT_TARGET = 15.0;
				MTL_ENABLE_DEBUG_INFO = NO;
				MTL_FAST_MATH = YES;
				SDKROOT = iphoneos;
				SWIFT_COMPILATION_MODE = wholemodule;
				SWIFT_OPTIMIZATION_LEVEL = "-O";
				VALIDATE_PRODUCT = YES;
			};
			name = Release;
		};
		1870FAE52918B5A300BCC159 /* Debug */ = {
			isa = XCBuildConfiguration;
			buildSettings = {
				ASSETCATALOG_COMPILER_APPICON_NAME = AppIcon;
				ASSETCATALOG_COMPILER_GLOBAL_ACCENT_COLOR_NAME = AccentColor;
				CODE_SIGN_ENTITLEMENTS = SeSAC2SLP/SeSAC2SLPDebug.entitlements;
				CODE_SIGN_STYLE = Automatic;
				CURRENT_PROJECT_VERSION = 1;
				DEVELOPMENT_TEAM = UT362X937Q;
				GENERATE_INFOPLIST_FILE = YES;
				INFOPLIST_FILE = SeSAC2SLP/Info.plist;
				INFOPLIST_KEY_UIApplicationSupportsIndirectInputEvents = YES;
				INFOPLIST_KEY_UILaunchStoryboardName = LaunchScreen;
				INFOPLIST_KEY_UISupportedInterfaceOrientations = UIInterfaceOrientationPortrait;
				INFOPLIST_KEY_UISupportedInterfaceOrientations_iPad = "UIInterfaceOrientationLandscapeLeft UIInterfaceOrientationLandscapeRight UIInterfaceOrientationPortrait UIInterfaceOrientationPortraitUpsideDown";
				INFOPLIST_KEY_UIUserInterfaceStyle = Light;
				IPHONEOS_DEPLOYMENT_TARGET = 15.0;
				LD_RUNPATH_SEARCH_PATHS = (
					"$(inherited)",
					"@executable_path/Frameworks",
				);
				MARKETING_VERSION = 1.0;
				PRODUCT_BUNDLE_IDENTIFIER = io.github.yyyng2.SeSAC2SLP;
				PRODUCT_NAME = "$(TARGET_NAME)";
				SUPPORTED_PLATFORMS = "iphoneos iphonesimulator";
				SUPPORTS_MACCATALYST = NO;
				SUPPORTS_MAC_DESIGNED_FOR_IPHONE_IPAD = NO;
				SWIFT_EMIT_LOC_STRINGS = YES;
				SWIFT_VERSION = 5.0;
				TARGETED_DEVICE_FAMILY = 1;
			};
			name = Debug;
		};
		1870FAE62918B5A300BCC159 /* Release */ = {
			isa = XCBuildConfiguration;
			buildSettings = {
				ASSETCATALOG_COMPILER_APPICON_NAME = AppIcon;
				ASSETCATALOG_COMPILER_GLOBAL_ACCENT_COLOR_NAME = AccentColor;
				CODE_SIGN_STYLE = Automatic;
				CURRENT_PROJECT_VERSION = 1;
				DEVELOPMENT_TEAM = UT362X937Q;
				GENERATE_INFOPLIST_FILE = YES;
				INFOPLIST_FILE = SeSAC2SLP/Info.plist;
				INFOPLIST_KEY_UIApplicationSupportsIndirectInputEvents = YES;
				INFOPLIST_KEY_UILaunchStoryboardName = LaunchScreen;
				INFOPLIST_KEY_UISupportedInterfaceOrientations = UIInterfaceOrientationPortrait;
				INFOPLIST_KEY_UISupportedInterfaceOrientations_iPad = "UIInterfaceOrientationLandscapeLeft UIInterfaceOrientationLandscapeRight UIInterfaceOrientationPortrait UIInterfaceOrientationPortraitUpsideDown";
				INFOPLIST_KEY_UIUserInterfaceStyle = Light;
				IPHONEOS_DEPLOYMENT_TARGET = 15.0;
				LD_RUNPATH_SEARCH_PATHS = (
					"$(inherited)",
					"@executable_path/Frameworks",
				);
				MARKETING_VERSION = 1.0;
				PRODUCT_BUNDLE_IDENTIFIER = io.github.yyyng2.SeSAC2SLP;
				PRODUCT_NAME = "$(TARGET_NAME)";
				SUPPORTED_PLATFORMS = "iphoneos iphonesimulator";
				SUPPORTS_MACCATALYST = NO;
				SUPPORTS_MAC_DESIGNED_FOR_IPHONE_IPAD = NO;
				SWIFT_EMIT_LOC_STRINGS = YES;
				SWIFT_VERSION = 5.0;
				TARGETED_DEVICE_FAMILY = 1;
			};
			name = Release;
		};
/* End XCBuildConfiguration section */

/* Begin XCConfigurationList section */
		1870FACB2918B5A000BCC159 /* Build configuration list for PBXProject "SeSAC2SLP" */ = {
			isa = XCConfigurationList;
			buildConfigurations = (
				1870FAE22918B5A300BCC159 /* Debug */,
				1870FAE32918B5A300BCC159 /* Release */,
			);
			defaultConfigurationIsVisible = 0;
			defaultConfigurationName = Release;
		};
		1870FAE42918B5A300BCC159 /* Build configuration list for PBXNativeTarget "SeSAC2SLP" */ = {
			isa = XCConfigurationList;
			buildConfigurations = (
				1870FAE52918B5A300BCC159 /* Debug */,
				1870FAE62918B5A300BCC159 /* Release */,
			);
			defaultConfigurationIsVisible = 0;
			defaultConfigurationName = Release;
		};
/* End XCConfigurationList section */

/* Begin XCRemoteSwiftPackageReference section */
		1870FB09291926F900BCC159 /* XCRemoteSwiftPackageReference "SnapKit" */ = {
			isa = XCRemoteSwiftPackageReference;
			repositoryURL = "https://github.com/SnapKit/SnapKit.git";
			requirement = {
				kind = upToNextMajorVersion;
				minimumVersion = 5.0.0;
			};
		};
		1870FB2C291A505E00BCC159 /* XCRemoteSwiftPackageReference "Toast-Swift" */ = {
			isa = XCRemoteSwiftPackageReference;
			repositoryURL = "https://github.com/scalessec/Toast-Swift.git";
			requirement = {
				kind = upToNextMajorVersion;
				minimumVersion = 5.0.0;
			};
		};
		1870FB2F291A517F00BCC159 /* XCRemoteSwiftPackageReference "RxSwift" */ = {
			isa = XCRemoteSwiftPackageReference;
			repositoryURL = "https://github.com/ReactiveX/RxSwift.git";
			requirement = {
				kind = upToNextMajorVersion;
				minimumVersion = 6.0.0;
			};
		};
		1870FB5B291B7D6D00BCC159 /* XCRemoteSwiftPackageReference "Alamofire" */ = {
			isa = XCRemoteSwiftPackageReference;
			repositoryURL = "https://github.com/Alamofire/Alamofire.git";
			requirement = {
				kind = upToNextMajorVersion;
				minimumVersion = 5.0.0;
			};
		};
		1870FB5F291B8F4600BCC159 /* XCRemoteSwiftPackageReference "firebase-ios-sdk" */ = {
			isa = XCRemoteSwiftPackageReference;
			repositoryURL = "https://github.com/firebase/firebase-ios-sdk";
			requirement = {
				kind = upToNextMajorVersion;
				minimumVersion = 9.0.0;
			};
		};
/* End XCRemoteSwiftPackageReference section */

/* Begin XCSwiftPackageProductDependency section */
		1870FB0A291926F900BCC159 /* SnapKit */ = {
			isa = XCSwiftPackageProductDependency;
			package = 1870FB09291926F900BCC159 /* XCRemoteSwiftPackageReference "SnapKit" */;
			productName = SnapKit;
		};
		1870FB2D291A505E00BCC159 /* Toast */ = {
			isa = XCSwiftPackageProductDependency;
			package = 1870FB2C291A505E00BCC159 /* XCRemoteSwiftPackageReference "Toast-Swift" */;
			productName = Toast;
		};
		1870FB30291A518000BCC159 /* RxCocoa */ = {
			isa = XCSwiftPackageProductDependency;
			package = 1870FB2F291A517F00BCC159 /* XCRemoteSwiftPackageReference "RxSwift" */;
			productName = RxCocoa;
		};
		1870FB32291A518000BCC159 /* RxSwift */ = {
			isa = XCSwiftPackageProductDependency;
			package = 1870FB2F291A517F00BCC159 /* XCRemoteSwiftPackageReference "RxSwift" */;
			productName = RxSwift;
		};
		1870FB5C291B7D6E00BCC159 /* Alamofire */ = {
			isa = XCSwiftPackageProductDependency;
			package = 1870FB5B291B7D6D00BCC159 /* XCRemoteSwiftPackageReference "Alamofire" */;
			productName = Alamofire;
		};
		1870FB60291B8F4600BCC159 /* FirebaseAnalyticsSwift */ = {
			isa = XCSwiftPackageProductDependency;
			package = 1870FB5F291B8F4600BCC159 /* XCRemoteSwiftPackageReference "firebase-ios-sdk" */;
			productName = FirebaseAnalyticsSwift;
		};
		1870FB62291B8F4600BCC159 /* FirebaseAuth */ = {
			isa = XCSwiftPackageProductDependency;
			package = 1870FB5F291B8F4600BCC159 /* XCRemoteSwiftPackageReference "firebase-ios-sdk" */;
			productName = FirebaseAuth;
		};
		1870FB64291B8F4600BCC159 /* FirebaseCrashlytics */ = {
			isa = XCSwiftPackageProductDependency;
			package = 1870FB5F291B8F4600BCC159 /* XCRemoteSwiftPackageReference "firebase-ios-sdk" */;
			productName = FirebaseCrashlytics;
		};
		1870FB66291B8F4600BCC159 /* FirebaseMessaging */ = {
			isa = XCSwiftPackageProductDependency;
			package = 1870FB5F291B8F4600BCC159 /* XCRemoteSwiftPackageReference "firebase-ios-sdk" */;
			productName = FirebaseMessaging;
		};
/* End XCSwiftPackageProductDependency section */
	};
	rootObject = 1870FAC82918B5A000BCC159 /* Project object */;
}
